
Microsoft Visual Studio Solution File, Format Version 12.00
# Visual Studio Version 17
VisualStudioVersion = 17.0.32014.148
MinimumVisualStudioVersion = 10.0.40219.1
Project("{2150E333-8FDC-42A3-9474-1A3956D46DE8}") = "CountwareTraffic.ApiGateway", "CountwareTraffic.ApiGateway", "{7945585F-CD4B-4937-81D4-74A31F170C51}"
EndProject
Project("{2150E333-8FDC-42A3-9474-1A3956D46DE8}") = "src", "src", "{3E602268-6832-4354-A2E6-E61F60589E8A}"
EndProject
Project("{2150E333-8FDC-42A3-9474-1A3956D46DE8}") = "CountwareTraffic.Services.Events", "CountwareTraffic.Services.Events", "{52959E1C-87A3-46F8-87FA-157A8CF34AB6}"
EndProject
Project("{2150E333-8FDC-42A3-9474-1A3956D46DE8}") = "src", "src", "{B3CD0018-2551-4403-B9F7-24A23391BA4F}"
EndProject
Project("{2150E333-8FDC-42A3-9474-1A3956D46DE8}") = "tests-tdd", "tests-tdd", "{03F77B6B-12E1-4E02-83E4-BD5E346D0D26}"
EndProject
Project("{9A19103F-16F7-4668-BE54-9A1E7A4F7556}") = "CountwareTraffic.Services.Events.Core", "CountwareTraffic.Services.Events.Core\CountwareTraffic.Services.Events.Core.csproj", "{3F74AC68-80A1-4CB6-9B11-B482432A873B}"
EndProject
Project("{9A19103F-16F7-4668-BE54-9A1E7A4F7556}") = "CountwareTraffic.Services.Events.Infrastructure", "CountwareTraffic.Services.Events.Infrastructure\CountwareTraffic.Services.Events.Infrastructure.csproj", "{DAEA1C4E-9666-4A7E-8EEC-52D78016EBB5}"
EndProject
Project("{9A19103F-16F7-4668-BE54-9A1E7A4F7556}") = "CountwareTraffic.Services.Events.Application", "CountwareTraffic.Services.Events.Application\CountwareTraffic.Services.Events.Application.csproj", "{56CD169C-A9A8-4B68-9C1C-661A0BD7A76D}"
EndProject
Project("{9A19103F-16F7-4668-BE54-9A1E7A4F7556}") = "CountwareTraffic.Services.Events.Api", "CountwareTraffic.Services.Events.Api\CountwareTraffic.Services.Events.Api.csproj", "{C59696C7-73F8-4AF7-B4DD-723E4EB76844}"
EndProject
Project("{2150E333-8FDC-42A3-9474-1A3956D46DE8}") = "CountwareTraffic.Services.Companies", "CountwareTraffic.Services.Companies", "{3CAD27DB-81EA-4021-BE61-C49DD04B1E1D}"
EndProject
Project("{2150E333-8FDC-42A3-9474-1A3956D46DE8}") = "CountwareTraffic.Services.Devices", "CountwareTraffic.Services.Devices", "{40BB9685-BAAA-412C-9BE8-D646792544D9}"
EndProject
Project("{2150E333-8FDC-42A3-9474-1A3956D46DE8}") = "src", "src", "{292DF4A0-20D4-498A-A400-58313A8C9C56}"
EndProject
Project("{2150E333-8FDC-42A3-9474-1A3956D46DE8}") = "tests-tdd", "tests-tdd", "{8075529B-0037-42A0-ACBF-EA1A27BE06CC}"
EndProject
Project("{2150E333-8FDC-42A3-9474-1A3956D46DE8}") = "src", "src", "{EDF761E8-E73B-4F32-851B-8C09C6A78AFF}"
EndProject
Project("{9A19103F-16F7-4668-BE54-9A1E7A4F7556}") = "CountwareTraffic.Services.Companies.Core", "CountwareTraffic.Services.Companies.Core\CountwareTraffic.Services.Companies.Core.csproj", "{16FC64A1-5552-410F-AD94-2883BA937E4B}"
EndProject
Project("{9A19103F-16F7-4668-BE54-9A1E7A4F7556}") = "CountwareTraffic.Services.Companies.Application", "CountwareTraffic.Services.Companies.Application\CountwareTraffic.Services.Companies.Application.csproj", "{F6B0D852-BB19-40AB-BD3B-A5149BD9A84B}"
EndProject
Project("{9A19103F-16F7-4668-BE54-9A1E7A4F7556}") = "CountwareTraffic.Services.Companies.Infrastructure", "CountwareTraffic.Services.Companies.Infrastructure\CountwareTraffic.Services.Companies.Infrastructure.csproj", "{9BADDF1E-CB50-478D-967F-0162F7A4BFA6}"
EndProject
Project("{9A19103F-16F7-4668-BE54-9A1E7A4F7556}") = "CountwareTraffic.Services.Companies.Api", "CountwareTraffic.Services.Companies.Api\CountwareTraffic.Services.Companies.Api.csproj", "{D03A2640-E1EC-4FBF-99B2-EB1EE04E9E06}"
EndProject
Project("{9A19103F-16F7-4668-BE54-9A1E7A4F7556}") = "CountwareTraffic.Services.Devices.Api", "CountwareTraffic.Services.Devices.Api\CountwareTraffic.Services.Devices.Api.csproj", "{889530DF-C7DF-4054-B71C-3A498C712AD7}"
EndProject
Project("{9A19103F-16F7-4668-BE54-9A1E7A4F7556}") = "CountwareTraffic.Services.Devices.Core", "CountwareTraffic.Services.Devices.Core\CountwareTraffic.Services.Devices.Core.csproj", "{E4755D99-C422-4D11-BA22-26DCCB9D41FF}"
EndProject
Project("{9A19103F-16F7-4668-BE54-9A1E7A4F7556}") = "CountwareTraffic.Services.Devices.Application", "CountwareTraffic.Services.Devices.Application\CountwareTraffic.Services.Devices.Application.csproj", "{64672173-07FC-4B02-8A06-D352A60DE255}"
EndProject
Project("{9A19103F-16F7-4668-BE54-9A1E7A4F7556}") = "CountwareTraffic.Services.Devices.Infrastructure", "CountwareTraffic.Services.Devices.Infrastructure\CountwareTraffic.Services.Devices.Infrastructure.csproj", "{6B8A6A1B-028A-4DFF-8BA1-3634712ED7E8}"
EndProject
Project("{9A19103F-16F7-4668-BE54-9A1E7A4F7556}") = "CountwareTraffic.Services.Companies.DbMigrator", "CountwareTraffic.Services.Companies.DbMigrator\CountwareTraffic.Services.Companies.DbMigrator.csproj", "{7DED04BA-C23F-4187-AAD6-7712146510F5}"
EndProject
Project("{9A19103F-16F7-4668-BE54-9A1E7A4F7556}") = "CountwareTraffic.Services.Devices.DbMigrator", "CountwareTraffic.Services.Devices.DbMigrator\CountwareTraffic.Services.Devices.DbMigrator.csproj", "{8EA856AE-3AAD-41EB-81F0-CA99ED65E421}"
EndProject
Project("{2150E333-8FDC-42A3-9474-1A3956D46DE8}") = "OcelotGw", "OcelotGw", "{401B155D-22FC-4383-8CAD-646CC710BFDF}"
EndProject
Project("{9A19103F-16F7-4668-BE54-9A1E7A4F7556}") = "CountwareTraffic.Services.Companies.UnitTests", "CountwareTraffic.Services.Companies.UnitTests\CountwareTraffic.Services.Companies.UnitTests.csproj", "{0C0B273E-7E8D-4ED4-9BB7-A6B51252B71B}"
EndProject
Project("{2150E333-8FDC-42A3-9474-1A3956D46DE8}") = "tests-tdd", "tests-tdd", "{75383BF8-B74D-4CC1-8D0C-F0B9621F810C}"
EndProject
Project("{2150E333-8FDC-42A3-9474-1A3956D46DE8}") = "Countware.Traffic.BuildingBlocks", "Countware.Traffic.BuildingBlocks", "{A5BF59BF-F3CC-420A-9D55-E5EFE9974DB7}"
EndProject
Project("{2150E333-8FDC-42A3-9474-1A3956D46DE8}") = "AuditLog", "AuditLog", "{6D190351-BA74-4D03-9BB6-2D30A34C08BF}"
EndProject
Project("{9A19103F-16F7-4668-BE54-9A1E7A4F7556}") = "AuditLog", "AuditLog\AuditLog.csproj", "{C1DE38F7-E915-4E8F-9C71-AE5F10FC7C80}"
EndProject
Project("{2150E333-8FDC-42A3-9474-1A3956D46DE8}") = "BFF", "BFF", "{BEAD8440-C851-436B-9BC0-4701BE03B5F8}"
EndProject
Project("{9A19103F-16F7-4668-BE54-9A1E7A4F7556}") = "Mobile.BFF.CountwareTraffic.HttpAggregator", "Mobile.BFF.CountwareTraffic.HttpAggregator\Mobile.BFF.CountwareTraffic.HttpAggregator.csproj", "{1A1F0829-9537-4161-BA9F-CB9D1465E471}"
EndProject
Project("{2150E333-8FDC-42A3-9474-1A3956D46DE8}") = "Solution Items", "Solution Items", "{184F8C94-55F8-4219-8477-56A9AF3844D4}"
	ProjectSection(SolutionItems) = preProject
		NuGet.config = NuGet.config
	EndProjectSection
EndProject
Project("{E53339B2-1760-4266-BCC7-CA923CBCF16C}") = "docker-compose", "docker-compose.dcproj", "{523E2226-9B96-4006-A385-09065199F09A}"
EndProject
Project("{9A19103F-16F7-4668-BE54-9A1E7A4F7556}") = "OcelotApiGw", "OcelotApiGw\OcelotApiGw.csproj", "{07C4F462-47B8-4F85-926B-71E6F55CFD19}"
EndProject
Project("{2150E333-8FDC-42A3-9474-1A3956D46DE8}") = "CountwareTraffic.Services.WeatherForecast", "CountwareTraffic.Services.WeatherForecast", "{FAC29355-44FA-4AB7-BFC7-681A0533CDAE}"
EndProject
Project("{2150E333-8FDC-42A3-9474-1A3956D46DE8}") = "CountwareTraffic.Services.Sales", "CountwareTraffic.Services.Sales", "{DE5E5451-0FBC-4F6D-8EB2-01C5030EAA69}"
EndProject
Project("{2150E333-8FDC-42A3-9474-1A3956D46DE8}") = "src", "src", "{5D0FFFE6-2B87-4E4C-A5D6-752E39838206}"
EndProject
Project("{2150E333-8FDC-42A3-9474-1A3956D46DE8}") = "tests-tdd", "tests-tdd", "{9B368577-3330-4563-AB32-7B370C7CE6A6}"
EndProject
Project("{2150E333-8FDC-42A3-9474-1A3956D46DE8}") = "src", "src", "{96468C50-C91C-4945-B8BF-D1FCF437419B}"
EndProject
Project("{2150E333-8FDC-42A3-9474-1A3956D46DE8}") = "tests-tdd", "tests-tdd", "{3F9DB94C-914A-4E68-BFCC-3FB9500E0BEC}"
EndProject
Project("{9A19103F-16F7-4668-BE54-9A1E7A4F7556}") = "CountwareTraffic.Services.Sales.Application", "CountwareTraffic.Service.Sales\CountwareTraffic.Services.Sales.Application\CountwareTraffic.Services.Sales.Application.csproj", "{50382B99-F61A-401B-B273-D0518F747E50}"
EndProject
Project("{9A19103F-16F7-4668-BE54-9A1E7A4F7556}") = "CountwareTraffic.Services.Events.DbMigrator", "CountwareTraffic.Services.Events.DbMigrator\CountwareTraffic.Services.Events.DbMigrator.csproj", "{6A11FB50-38A1-4732-95DC-2B88208CF77E}"
EndProject
Project("{2150E333-8FDC-42A3-9474-1A3956D46DE8}") = "CountwareTraffic.Services.Reporting", "CountwareTraffic.Services.Reporting", "{D3812865-1FA7-4F77-A04E-0B3AE1665718}"
EndProject
Project("{2150E333-8FDC-42A3-9474-1A3956D46DE8}") = "src", "src", "{656C8274-7B5E-418F-9964-934E818006AE}"
EndProject
Project("{2150E333-8FDC-42A3-9474-1A3956D46DE8}") = "tests-tdd", "tests-tdd", "{8B6B9E77-4F6D-4EE6-B696-5C194271CACD}"
EndProject
Project("{9A19103F-16F7-4668-BE54-9A1E7A4F7556}") = "CountwareTraffic.Services.Reporting.Application", "CountwareTraffic.Services.Reporting.Application\CountwareTraffic.Services.Reporting.Application.csproj", "{A3DA48F0-BA2E-4BF5-94D2-085A80547089}"
EndProject
Project("{2150E333-8FDC-42A3-9474-1A3956D46DE8}") = "CountwareTraffic.Services.Users", "CountwareTraffic.Services.Users", "{AA4F7C2E-3644-4FCA-BC0F-64E3C57860BB}"
EndProject
Project("{2150E333-8FDC-42A3-9474-1A3956D46DE8}") = "src", "src", "{74875CF1-9C20-46BE-AB30-15598E41ACF1}"
EndProject
Project("{2150E333-8FDC-42A3-9474-1A3956D46DE8}") = "tests-tdd", "tests-tdd", "{63FAC3CA-E2E0-41A7-9E91-9B9FFECBCB54}"
EndProject
Project("{9A19103F-16F7-4668-BE54-9A1E7A4F7556}") = "CountwareTraffic.Services.Users.Application", "CountwareTraffic.Services.Users.Application\CountwareTraffic.Services.Users.Application.csproj", "{57DF3ABA-B91C-4C80-B7DD-A13AFF66E556}"
EndProject
Project("{9A19103F-16F7-4668-BE54-9A1E7A4F7556}") = "CountwareTraffic.Services.Users.Api", "CountwareTraffic.Services.Users.Api\CountwareTraffic.Services.Users.Api.csproj", "{006FA4E1-78DC-4E9E-934B-CA0118C055A5}"
EndProject
Project("{2150E333-8FDC-42A3-9474-1A3956D46DE8}") = "CountwareTraffic.WorkerServices.Sms", "CountwareTraffic.WorkerServices.Sms", "{93A4679C-63E0-4CA5-BAE0-2CD3CF1B82A6}"
EndProject
Project("{2150E333-8FDC-42A3-9474-1A3956D46DE8}") = "CountwareTraffic.WorkerServices.PushNotification", "CountwareTraffic.WorkerServices.PushNotification", "{D2C29382-42DF-46C8-BC04-4EBC06BE74C1}"
EndProject
Project("{9A19103F-16F7-4668-BE54-9A1E7A4F7556}") = "CountwareTraffic.Services.WeatherForecast.Application", "CountwareTraffic.Services.WeatherForecast.Application\CountwareTraffic.Services.WeatherForecast.Application.csproj", "{B50A5D76-76AC-4724-AB36-3E9F2B11385F}"
EndProject
Project("{2150E333-8FDC-42A3-9474-1A3956D46DE8}") = "src", "src", "{7FAC1F20-FFAB-4A74-91B3-E3FCEB7C7BC7}"
EndProject
Project("{2150E333-8FDC-42A3-9474-1A3956D46DE8}") = "tests-tdd", "tests-tdd", "{E512AC11-6812-42B1-9850-4FD977E9E4DF}"
EndProject
Project("{9A19103F-16F7-4668-BE54-9A1E7A4F7556}") = "CountwareTraffic.WorkerServices.Sms.Application", "CountwareTraffic.WorkerServices.Sms.Application\CountwareTraffic.WorkerServices.Sms.Application.csproj", "{E874FF46-DE18-4170-9BE1-D2BBF345A198}"
EndProject
Project("{9A19103F-16F7-4668-BE54-9A1E7A4F7556}") = "CountwareTraffic.WorkerServices.Sms.Consumer", "CountwareTraffic.WorkerServices.Sms.Consumer\CountwareTraffic.WorkerServices.Sms.Consumer.csproj", "{1DD2083C-1378-4DEA-9F30-3AAAC1B1B716}"
EndProject
Project("{2150E333-8FDC-42A3-9474-1A3956D46DE8}") = "src", "src", "{B1345959-646C-4A16-9516-9D84DB710DC8}"
EndProject
Project("{2150E333-8FDC-42A3-9474-1A3956D46DE8}") = "tests-tdd", "tests-tdd", "{B805B825-A428-4DDF-A83A-3C2504B8EA28}"
EndProject
Project("{9A19103F-16F7-4668-BE54-9A1E7A4F7556}") = "CountwareTraffic.WorkerServices.PushNotification.Application", "CountwareTraffic.WorkerServices.PushNotification.Application\CountwareTraffic.WorkerServices.PushNotification.Application.csproj", "{AD58F2A3-F5B0-434B-A5D9-0C3F71D73031}"
EndProject
Project("{9A19103F-16F7-4668-BE54-9A1E7A4F7556}") = "CountwareTraffic.WorkerServices.PushNotification.Consumer", "CountwareTraffic.WorkerServices.PushNotification.Consumer\CountwareTraffic.WorkerServices.PushNotification.Consumer.csproj", "{D167E592-52D8-4CB1-940C-C5C82DD1F107}"
EndProject
Project("{2150E333-8FDC-42A3-9474-1A3956D46DE8}") = "CountwareTraffic.WorkerServices.Email", "CountwareTraffic.WorkerServices.Email", "{327AE946-E336-4C8B-8246-23BF8C1B3DB8}"
EndProject
Project("{2150E333-8FDC-42A3-9474-1A3956D46DE8}") = "src", "src", "{B3C923EF-758E-4572-833B-E3E87600FF30}"
EndProject
Project("{2150E333-8FDC-42A3-9474-1A3956D46DE8}") = "tests-tdd", "tests-tdd", "{780D0BEC-9DB9-4BCA-8FD1-3867036C8251}"
EndProject
Project("{9A19103F-16F7-4668-BE54-9A1E7A4F7556}") = "CountwareTraffic.WorkerServices.Email.Application", "CountwareTraffic.WorkerServices.Email.Application\CountwareTraffic.WorkerServices.Email.Application.csproj", "{871629A6-DFA8-4CE9-AF45-CC983B955900}"
EndProject
Project("{9A19103F-16F7-4668-BE54-9A1E7A4F7556}") = "CountwareTraffic.WorkerServices.Email.Consumer", "CountwareTraffic.WorkerServices.Email.Consumer\CountwareTraffic.WorkerServices.Email.Consumer.csproj", "{8101435D-DF75-4B4F-A6C8-83DCB53C5990}"
EndProject
Project("{9A19103F-16F7-4668-BE54-9A1E7A4F7556}") = "CountwareTraffic.WorkerServices.Sms.Data", "CountwareTraffic.WorkerServices.Sms.Data\CountwareTraffic.WorkerServices.Sms.Data.csproj", "{0698A410-2125-4A5C-8C8D-5DC46A13FCF6}"
EndProject
Project("{9A19103F-16F7-4668-BE54-9A1E7A4F7556}") = "CountwareTraffic.WorkerServices.Email.Data", "CountwareTraffic.WorkerServices.Email.Data\CountwareTraffic.WorkerServices.Email.Data.csproj", "{CE7667D7-0F3F-40CD-94B0-27EE7D60B9DD}"
EndProject
Project("{9A19103F-16F7-4668-BE54-9A1E7A4F7556}") = "CountwareTraffic.WorkerServices.PushNotification.Data", "CountwareTraffic.WorkerServices.PushNotification.Data\CountwareTraffic.WorkerServices.PushNotification.Data.csproj", "{34411C9A-F4A6-4719-9C64-46CA91417278}"
EndProject
Project("{9A19103F-16F7-4668-BE54-9A1E7A4F7556}") = "CountwareTraffic.WorkerServices.Sms.DbMigrator", "CountwareTraffic.WorkerServices.Sms.DbMigrator\CountwareTraffic.WorkerServices.Sms.DbMigrator.csproj", "{CCF9139A-FEA5-47DD-BA95-0C624EADC1D8}"
EndProject
Project("{2150E333-8FDC-42A3-9474-1A3956D46DE8}") = "Sensormatic.Tool.Api", "Sensormatic.Tool.Api", "{CBD2D07C-6BF0-40C5-B4A5-4C72AF01E031}"
EndProject
Project("{2150E333-8FDC-42A3-9474-1A3956D46DE8}") = "Sensormatic.Tool.Common", "Sensormatic.Tool.Common", "{F345539F-B6FA-46C9-9AEC-0F934A9BABAB}"
EndProject
Project("{2150E333-8FDC-42A3-9474-1A3956D46DE8}") = "Sensormatic.Tool.Core", "Sensormatic.Tool.Core", "{56E74742-AE49-4CC2-ADC6-8EDDB965D269}"
EndProject
Project("{2150E333-8FDC-42A3-9474-1A3956D46DE8}") = "Sensormatic.Tool.Efcore", "Sensormatic.Tool.Efcore", "{4670759A-C188-46B3-BF16-D582F1621E05}"
EndProject
Project("{2150E333-8FDC-42A3-9474-1A3956D46DE8}") = "Sensormatic.Tool.Grpc", "Sensormatic.Tool.Grpc", "{B1D75789-8CC5-4858-B33E-01D19B9D4AA6}"
EndProject
Project("{2150E333-8FDC-42A3-9474-1A3956D46DE8}") = "Sensormatic.Tool.Ioc", "Sensormatic.Tool.Ioc", "{CEC8F40B-46C7-4895-A408-8EEEC89BDD6E}"
EndProject
Project("{2150E333-8FDC-42A3-9474-1A3956D46DE8}") = "Sensormatic.Tool.Queue", "Sensormatic.Tool.Queue", "{1D7F0284-EACB-41D9-83D5-F79B85C26741}"
EndProject
Project("{2150E333-8FDC-42A3-9474-1A3956D46DE8}") = "Sensormatic.Tool.QueueModel", "Sensormatic.Tool.QueueModel", "{B26908AD-9ABD-4569-B688-DC5031F3587C}"
EndProject
Project("{9A19103F-16F7-4668-BE54-9A1E7A4F7556}") = "Sensormatic.Tool.Api", "Sensormatic.Tool.Api\Sensormatic.Tool.Api.csproj", "{4F356668-E4A3-457C-A2D3-DB4FD5F857F3}"
EndProject
Project("{9A19103F-16F7-4668-BE54-9A1E7A4F7556}") = "Sensormatic.Tool.Grpc", "Sensormatic.Tool.Grpc\Sensormatic.Tool.Grpc.csproj", "{62304C08-9598-4E29-8327-65C347A11A98}"
EndProject
Project("{9A19103F-16F7-4668-BE54-9A1E7A4F7556}") = "Sensormatic.Tool.Ioc", "Sensormatic.Tool.Ioc\Sensormatic.Tool.Ioc.csproj", "{9171D1EA-64F9-49F1-95EB-CC07770F6636}"
EndProject
Project("{9A19103F-16F7-4668-BE54-9A1E7A4F7556}") = "Sensormatic.Tool.Queue", "Sensormatic.Tool.Queue\Sensormatic.Tool.Queue.csproj", "{96FAE8C7-A8F3-40BB-9D0A-B8EB9EDD2E42}"
EndProject
Project("{9A19103F-16F7-4668-BE54-9A1E7A4F7556}") = "Sensormatic.Tool.QueueModel", "Sensormatic.Tool.QueueModel\Sensormatic.Tool.QueueModel.csproj", "{0535368F-B672-4D55-9B0E-C35531CAF8DD}"
EndProject
Project("{9A19103F-16F7-4668-BE54-9A1E7A4F7556}") = "Sensormatic.Tool.Common", "Sensormatic.Tool.Common\Sensormatic.Tool.Common.csproj", "{48A05B46-C875-498A-B37E-90CFED2A703C}"
EndProject
Project("{9A19103F-16F7-4668-BE54-9A1E7A4F7556}") = "Sensormatic.Tool.Core", "Sensormatic.Tool.Core\Sensormatic.Tool.Core.csproj", "{CE66DB90-BA56-4C36-9CB1-09E4CA3B9831}"
EndProject
Project("{9A19103F-16F7-4668-BE54-9A1E7A4F7556}") = "Sensormatic.Tool.Efcore", "Sensormatic.Tool.Efcore\Sensormatic.Tool.Efcore.csproj", "{49133056-CD0C-4F00-8574-B3D99CA8E740}"
EndProject
Project("{2150E333-8FDC-42A3-9474-1A3956D46DE8}") = "CountwareTraffic.WorkerServices.SignalrHub", "CountwareTraffic.WorkerServices.SignalrHub", "{ABFA858A-CD39-4E9A-B85C-4323FA10811A}"
EndProject
Project("{9A19103F-16F7-4668-BE54-9A1E7A4F7556}") = "CountwareTraffic.WorkerServices.SignalrHub.Application", "CountwareTraffic.WorkerServices.SignalrHub.Application\CountwareTraffic.WorkerServices.SignalrHub.Application.csproj", "{5FC00995-C4DF-4C1D-9377-433AEB834D94}"
EndProject
Project("{9A19103F-16F7-4668-BE54-9A1E7A4F7556}") = "CountwareTraffic.WorkerServices.SignalrHub", "CountwareTraffic.WorkerServices.SignalrHub\CountwareTraffic.WorkerServices.SignalrHub.csproj", "{9CC5C69B-9C44-4010-B6C1-CC1F17287077}"
EndProject
Project("{9A19103F-16F7-4668-BE54-9A1E7A4F7556}") = "CountwareTraffic.WorkerServices.Email.DbMigrator", "CountwareTraffic.WorkerServices.Email.DbMigrator\CountwareTraffic.WorkerServices.Email.DbMigrator.csproj", "{CE5EF48C-7AA2-4CBC-A455-ECC0E8452395}"
EndProject
Project("{9A19103F-16F7-4668-BE54-9A1E7A4F7556}") = "CountwareTraffic.Services.Events.ElasticIndexRepair.Scheduler", "CountwareTraffic.Services.Events.ElasticIndexRepair.Scheduler\CountwareTraffic.Services.Events.ElasticIndexRepair.Scheduler.csproj", "{DFCC2337-5877-4667-A573-DC7DEF4EBC82}"
EndProject
Project("{9A19103F-16F7-4668-BE54-9A1E7A4F7556}") = "CountwareTraffic.Services.Events.Listener.Scheduler", "CountwareTraffic.Services.Events.Listener.Scheduler\CountwareTraffic.Services.Events.Listener.Scheduler.csproj", "{9B62CB6E-B9D2-4FBD-898D-5B39C56D07AD}"
EndProject
Project("{2150E333-8FDC-42A3-9474-1A3956D46DE8}") = "Sensormatic.Tool.Scheduler", "Sensormatic.Tool.Scheduler", "{E68AC369-8445-4D38-B1AF-26C43EBA9FB0}"
EndProject
Project("{9A19103F-16F7-4668-BE54-9A1E7A4F7556}") = "Sensormatic.Tool.Scheduler", "Sensormatic.Tool.Scheduler\Sensormatic.Tool.Scheduler.csproj", "{019636F5-DCE6-4042-B9A8-798FC168504A}"
EndProject
Project("{2150E333-8FDC-42A3-9474-1A3956D46DE8}") = "Observability", "Observability", "{F25D44D5-3D39-4296-A987-C9FBA4422191}"
EndProject
Project("{9A19103F-16F7-4668-BE54-9A1E7A4F7556}") = "Observability", "Observability\Observability.csproj", "{5BBA12FE-CE4E-4FD2-B3FC-657AB730844A}"
EndProject
Project("{2150E333-8FDC-42A3-9474-1A3956D46DE8}") = "Countware.Traffic.CrossCC", "Countware.Traffic.CrossCC", "{3FB4ECC9-6224-4E0D-B50D-7AE532AF3EBF}"
EndProject
Project("{2150E333-8FDC-42A3-9474-1A3956D46DE8}") = "Sensormatic.Tool.Sms", "Sensormatic.Tool.Sms", "{182575D5-34DA-4F4F-8606-B817DE9B1F9D}"
EndProject
Project("{2150E333-8FDC-42A3-9474-1A3956D46DE8}") = "Sensormatic.Tool.Email", "Sensormatic.Tool.Email", "{06D52348-0DAD-4C46-9940-EF972B08A739}"
EndProject
Project("{9A19103F-16F7-4668-BE54-9A1E7A4F7556}") = "Sensormatic.Tool.Email", "Sensormatic.Tool.Email\Sensormatic.Tool.Email.csproj", "{BA1A1985-FB75-4961-B013-3FA7B4D2A5F6}"
EndProject
Project("{9A19103F-16F7-4668-BE54-9A1E7A4F7556}") = "Sensormatic.Tool.Sms", "Sensormatic.Tool.Sms\Sensormatic.Tool.Sms.csproj", "{0EA9B9EE-E699-4228-9000-42638D245841}"
EndProject
Project("{2150E333-8FDC-42A3-9474-1A3956D46DE8}") = "Sensormatic.Tool.Cache", "Sensormatic.Tool.Cache", "{BF6023FB-5DB6-4502-A6CE-3C84B9A2BE8B}"
EndProject
Project("{9A19103F-16F7-4668-BE54-9A1E7A4F7556}") = "Sensormatic.Tool.Cache", "Sensormatic.Tool.Cache\Sensormatic.Tool.Cache.csproj", "{7E702264-22BA-4BE6-8E6B-C1630845BB0A}"
EndProject
Project("{2150E333-8FDC-42A3-9474-1A3956D46DE8}") = "Sensormatic.Tool.ElasticSearch", "Sensormatic.Tool.ElasticSearch", "{B06AD038-324B-4F0A-A9A2-64EA2799F42E}"
EndProject
Project("{9A19103F-16F7-4668-BE54-9A1E7A4F7556}") = "Sensormatic.Tool.ElasticSearch", "Sensormatic.Tool.ElasticSearch\Sensormatic.Tool.ElasticSearch.csproj", "{CB205435-0107-454B-B5F8-162DEC10E611}"
EndProject
Project("{2150E333-8FDC-42A3-9474-1A3956D46DE8}") = "Sensormatic.Tool.PushNotification", "Sensormatic.Tool.PushNotification", "{0F28455C-75D4-467C-9774-7785754E4DE9}"
EndProject
Project("{9A19103F-16F7-4668-BE54-9A1E7A4F7556}") = "Sensormatic.Tool.PushNotification", "Sensormatic.Tool.PushNotification\Sensormatic.Tool.PushNotification.csproj", "{8F0A7F4C-E615-47A2-950D-930CA91F80C1}"
EndProject
Project("{2150E333-8FDC-42A3-9474-1A3956D46DE8}") = "Sensormatic.Tool.MongoDb", "Sensormatic.Tool.MongoDb", "{A07918AC-8081-4F1B-8578-B6F438593A99}"
EndProject
Project("{9A19103F-16F7-4668-BE54-9A1E7A4F7556}") = "Sensormatic.Tool.MongoDb", "Sensormatic.Tool.MongoDb\Sensormatic.Tool.MongoDb.csproj", "{346F15C3-D952-4060-8F3A-11CB9CE70555}"
EndProject
Project("{2150E333-8FDC-42A3-9474-1A3956D46DE8}") = "CountwareTraffic.WorkerServices.Audit", "CountwareTraffic.WorkerServices.Audit", "{91C880CD-C155-4B4B-A0B3-812AE73540C8}"
EndProject
Project("{2150E333-8FDC-42A3-9474-1A3956D46DE8}") = "src", "src", "{D2715A78-0E0F-412F-8109-3E68640A2589}"
EndProject
Project("{2150E333-8FDC-42A3-9474-1A3956D46DE8}") = "tests-tdd", "tests-tdd", "{3DCC75D6-B29B-43E2-A1A2-1494CBC68761}"
EndProject
Project("{FAE04EC0-301F-11D3-BF4B-00C04F79EFBC}") = "CountwareTraffic.WorkerServices.Audit.Application", "CountwareTraffic.WorkerServices.Audit.Application\CountwareTraffic.WorkerServices.Audit.Application.csproj", "{F54B0CBC-2FAA-403D-B044-D0AEB997D011}"
EndProject
Project("{FAE04EC0-301F-11D3-BF4B-00C04F79EFBC}") = "CountwareTraffic.WorkerServices.Audit.Data", "CountwareTraffic.WorkerServices.Audit.Data\CountwareTraffic.WorkerServices.Audit.Data.csproj", "{840A4EAE-1305-4675-9DFE-21BD32FF445A}"
EndProject
Project("{FAE04EC0-301F-11D3-BF4B-00C04F79EFBC}") = "CountwareTraffic.WorkerServices.Audit.Consumer", "CountwareTraffic.WorkerServices.Audit.Consumer\CountwareTraffic.WorkerServices.Audit.Consumer.csproj", "{C5543009-C9FB-4731-963D-D83701A70876}"
EndProject
Global
	GlobalSection(SolutionConfigurationPlatforms) = preSolution
		Debug|Any CPU = Debug|Any CPU
		Debug|x64 = Debug|x64
		Release|Any CPU = Release|Any CPU
		Release|x64 = Release|x64
	EndGlobalSection
	GlobalSection(ProjectConfigurationPlatforms) = postSolution
		{3F74AC68-80A1-4CB6-9B11-B482432A873B}.Debug|Any CPU.ActiveCfg = Debug|Any CPU
		{3F74AC68-80A1-4CB6-9B11-B482432A873B}.Debug|Any CPU.Build.0 = Debug|Any CPU
		{3F74AC68-80A1-4CB6-9B11-B482432A873B}.Debug|x64.ActiveCfg = Debug|Any CPU
		{3F74AC68-80A1-4CB6-9B11-B482432A873B}.Debug|x64.Build.0 = Debug|Any CPU
		{3F74AC68-80A1-4CB6-9B11-B482432A873B}.Release|Any CPU.ActiveCfg = Release|Any CPU
		{3F74AC68-80A1-4CB6-9B11-B482432A873B}.Release|Any CPU.Build.0 = Release|Any CPU
		{3F74AC68-80A1-4CB6-9B11-B482432A873B}.Release|x64.ActiveCfg = Release|Any CPU
		{3F74AC68-80A1-4CB6-9B11-B482432A873B}.Release|x64.Build.0 = Release|Any CPU
		{DAEA1C4E-9666-4A7E-8EEC-52D78016EBB5}.Debug|Any CPU.ActiveCfg = Debug|Any CPU
		{DAEA1C4E-9666-4A7E-8EEC-52D78016EBB5}.Debug|Any CPU.Build.0 = Debug|Any CPU
		{DAEA1C4E-9666-4A7E-8EEC-52D78016EBB5}.Debug|x64.ActiveCfg = Debug|Any CPU
		{DAEA1C4E-9666-4A7E-8EEC-52D78016EBB5}.Debug|x64.Build.0 = Debug|Any CPU
		{DAEA1C4E-9666-4A7E-8EEC-52D78016EBB5}.Release|Any CPU.ActiveCfg = Release|Any CPU
		{DAEA1C4E-9666-4A7E-8EEC-52D78016EBB5}.Release|Any CPU.Build.0 = Release|Any CPU
		{DAEA1C4E-9666-4A7E-8EEC-52D78016EBB5}.Release|x64.ActiveCfg = Release|Any CPU
		{DAEA1C4E-9666-4A7E-8EEC-52D78016EBB5}.Release|x64.Build.0 = Release|Any CPU
		{56CD169C-A9A8-4B68-9C1C-661A0BD7A76D}.Debug|Any CPU.ActiveCfg = Debug|Any CPU
		{56CD169C-A9A8-4B68-9C1C-661A0BD7A76D}.Debug|Any CPU.Build.0 = Debug|Any CPU
		{56CD169C-A9A8-4B68-9C1C-661A0BD7A76D}.Debug|x64.ActiveCfg = Debug|Any CPU
		{56CD169C-A9A8-4B68-9C1C-661A0BD7A76D}.Debug|x64.Build.0 = Debug|Any CPU
		{56CD169C-A9A8-4B68-9C1C-661A0BD7A76D}.Release|Any CPU.ActiveCfg = Release|Any CPU
		{56CD169C-A9A8-4B68-9C1C-661A0BD7A76D}.Release|Any CPU.Build.0 = Release|Any CPU
		{56CD169C-A9A8-4B68-9C1C-661A0BD7A76D}.Release|x64.ActiveCfg = Release|Any CPU
		{56CD169C-A9A8-4B68-9C1C-661A0BD7A76D}.Release|x64.Build.0 = Release|Any CPU
		{C59696C7-73F8-4AF7-B4DD-723E4EB76844}.Debug|Any CPU.ActiveCfg = Debug|Any CPU
		{C59696C7-73F8-4AF7-B4DD-723E4EB76844}.Debug|Any CPU.Build.0 = Debug|Any CPU
		{C59696C7-73F8-4AF7-B4DD-723E4EB76844}.Debug|x64.ActiveCfg = Debug|Any CPU
		{C59696C7-73F8-4AF7-B4DD-723E4EB76844}.Debug|x64.Build.0 = Debug|Any CPU
		{C59696C7-73F8-4AF7-B4DD-723E4EB76844}.Release|Any CPU.ActiveCfg = Release|Any CPU
		{C59696C7-73F8-4AF7-B4DD-723E4EB76844}.Release|Any CPU.Build.0 = Release|Any CPU
		{C59696C7-73F8-4AF7-B4DD-723E4EB76844}.Release|x64.ActiveCfg = Release|Any CPU
		{C59696C7-73F8-4AF7-B4DD-723E4EB76844}.Release|x64.Build.0 = Release|Any CPU
		{16FC64A1-5552-410F-AD94-2883BA937E4B}.Debug|Any CPU.ActiveCfg = Debug|Any CPU
		{16FC64A1-5552-410F-AD94-2883BA937E4B}.Debug|Any CPU.Build.0 = Debug|Any CPU
		{16FC64A1-5552-410F-AD94-2883BA937E4B}.Debug|x64.ActiveCfg = Debug|Any CPU
		{16FC64A1-5552-410F-AD94-2883BA937E4B}.Debug|x64.Build.0 = Debug|Any CPU
		{16FC64A1-5552-410F-AD94-2883BA937E4B}.Release|Any CPU.ActiveCfg = Release|Any CPU
		{16FC64A1-5552-410F-AD94-2883BA937E4B}.Release|Any CPU.Build.0 = Release|Any CPU
		{16FC64A1-5552-410F-AD94-2883BA937E4B}.Release|x64.ActiveCfg = Release|Any CPU
		{16FC64A1-5552-410F-AD94-2883BA937E4B}.Release|x64.Build.0 = Release|Any CPU
		{F6B0D852-BB19-40AB-BD3B-A5149BD9A84B}.Debug|Any CPU.ActiveCfg = Debug|Any CPU
		{F6B0D852-BB19-40AB-BD3B-A5149BD9A84B}.Debug|Any CPU.Build.0 = Debug|Any CPU
		{F6B0D852-BB19-40AB-BD3B-A5149BD9A84B}.Debug|x64.ActiveCfg = Debug|Any CPU
		{F6B0D852-BB19-40AB-BD3B-A5149BD9A84B}.Debug|x64.Build.0 = Debug|Any CPU
		{F6B0D852-BB19-40AB-BD3B-A5149BD9A84B}.Release|Any CPU.ActiveCfg = Release|Any CPU
		{F6B0D852-BB19-40AB-BD3B-A5149BD9A84B}.Release|Any CPU.Build.0 = Release|Any CPU
		{F6B0D852-BB19-40AB-BD3B-A5149BD9A84B}.Release|x64.ActiveCfg = Release|Any CPU
		{F6B0D852-BB19-40AB-BD3B-A5149BD9A84B}.Release|x64.Build.0 = Release|Any CPU
		{9BADDF1E-CB50-478D-967F-0162F7A4BFA6}.Debug|Any CPU.ActiveCfg = Debug|Any CPU
		{9BADDF1E-CB50-478D-967F-0162F7A4BFA6}.Debug|Any CPU.Build.0 = Debug|Any CPU
		{9BADDF1E-CB50-478D-967F-0162F7A4BFA6}.Debug|x64.ActiveCfg = Debug|Any CPU
		{9BADDF1E-CB50-478D-967F-0162F7A4BFA6}.Debug|x64.Build.0 = Debug|Any CPU
		{9BADDF1E-CB50-478D-967F-0162F7A4BFA6}.Release|Any CPU.ActiveCfg = Release|Any CPU
		{9BADDF1E-CB50-478D-967F-0162F7A4BFA6}.Release|Any CPU.Build.0 = Release|Any CPU
		{9BADDF1E-CB50-478D-967F-0162F7A4BFA6}.Release|x64.ActiveCfg = Release|Any CPU
		{9BADDF1E-CB50-478D-967F-0162F7A4BFA6}.Release|x64.Build.0 = Release|Any CPU
		{D03A2640-E1EC-4FBF-99B2-EB1EE04E9E06}.Debug|Any CPU.ActiveCfg = Debug|Any CPU
		{D03A2640-E1EC-4FBF-99B2-EB1EE04E9E06}.Debug|Any CPU.Build.0 = Debug|Any CPU
		{D03A2640-E1EC-4FBF-99B2-EB1EE04E9E06}.Debug|x64.ActiveCfg = Debug|Any CPU
		{D03A2640-E1EC-4FBF-99B2-EB1EE04E9E06}.Debug|x64.Build.0 = Debug|Any CPU
		{D03A2640-E1EC-4FBF-99B2-EB1EE04E9E06}.Release|Any CPU.ActiveCfg = Release|Any CPU
		{D03A2640-E1EC-4FBF-99B2-EB1EE04E9E06}.Release|Any CPU.Build.0 = Release|Any CPU
		{D03A2640-E1EC-4FBF-99B2-EB1EE04E9E06}.Release|x64.ActiveCfg = Release|Any CPU
		{D03A2640-E1EC-4FBF-99B2-EB1EE04E9E06}.Release|x64.Build.0 = Release|Any CPU
		{889530DF-C7DF-4054-B71C-3A498C712AD7}.Debug|Any CPU.ActiveCfg = Debug|Any CPU
		{889530DF-C7DF-4054-B71C-3A498C712AD7}.Debug|Any CPU.Build.0 = Debug|Any CPU
		{889530DF-C7DF-4054-B71C-3A498C712AD7}.Debug|x64.ActiveCfg = Debug|Any CPU
		{889530DF-C7DF-4054-B71C-3A498C712AD7}.Debug|x64.Build.0 = Debug|Any CPU
		{889530DF-C7DF-4054-B71C-3A498C712AD7}.Release|Any CPU.ActiveCfg = Release|Any CPU
		{889530DF-C7DF-4054-B71C-3A498C712AD7}.Release|Any CPU.Build.0 = Release|Any CPU
		{889530DF-C7DF-4054-B71C-3A498C712AD7}.Release|x64.ActiveCfg = Release|Any CPU
		{889530DF-C7DF-4054-B71C-3A498C712AD7}.Release|x64.Build.0 = Release|Any CPU
		{E4755D99-C422-4D11-BA22-26DCCB9D41FF}.Debug|Any CPU.ActiveCfg = Debug|Any CPU
		{E4755D99-C422-4D11-BA22-26DCCB9D41FF}.Debug|Any CPU.Build.0 = Debug|Any CPU
		{E4755D99-C422-4D11-BA22-26DCCB9D41FF}.Debug|x64.ActiveCfg = Debug|Any CPU
		{E4755D99-C422-4D11-BA22-26DCCB9D41FF}.Debug|x64.Build.0 = Debug|Any CPU
		{E4755D99-C422-4D11-BA22-26DCCB9D41FF}.Release|Any CPU.ActiveCfg = Release|Any CPU
		{E4755D99-C422-4D11-BA22-26DCCB9D41FF}.Release|Any CPU.Build.0 = Release|Any CPU
		{E4755D99-C422-4D11-BA22-26DCCB9D41FF}.Release|x64.ActiveCfg = Release|Any CPU
		{E4755D99-C422-4D11-BA22-26DCCB9D41FF}.Release|x64.Build.0 = Release|Any CPU
		{64672173-07FC-4B02-8A06-D352A60DE255}.Debug|Any CPU.ActiveCfg = Debug|Any CPU
		{64672173-07FC-4B02-8A06-D352A60DE255}.Debug|Any CPU.Build.0 = Debug|Any CPU
		{64672173-07FC-4B02-8A06-D352A60DE255}.Debug|x64.ActiveCfg = Debug|Any CPU
		{64672173-07FC-4B02-8A06-D352A60DE255}.Debug|x64.Build.0 = Debug|Any CPU
		{64672173-07FC-4B02-8A06-D352A60DE255}.Release|Any CPU.ActiveCfg = Release|Any CPU
		{64672173-07FC-4B02-8A06-D352A60DE255}.Release|Any CPU.Build.0 = Release|Any CPU
		{64672173-07FC-4B02-8A06-D352A60DE255}.Release|x64.ActiveCfg = Release|Any CPU
		{64672173-07FC-4B02-8A06-D352A60DE255}.Release|x64.Build.0 = Release|Any CPU
		{6B8A6A1B-028A-4DFF-8BA1-3634712ED7E8}.Debug|Any CPU.ActiveCfg = Debug|Any CPU
		{6B8A6A1B-028A-4DFF-8BA1-3634712ED7E8}.Debug|Any CPU.Build.0 = Debug|Any CPU
		{6B8A6A1B-028A-4DFF-8BA1-3634712ED7E8}.Debug|x64.ActiveCfg = Debug|Any CPU
		{6B8A6A1B-028A-4DFF-8BA1-3634712ED7E8}.Debug|x64.Build.0 = Debug|Any CPU
		{6B8A6A1B-028A-4DFF-8BA1-3634712ED7E8}.Release|Any CPU.ActiveCfg = Release|Any CPU
		{6B8A6A1B-028A-4DFF-8BA1-3634712ED7E8}.Release|Any CPU.Build.0 = Release|Any CPU
		{6B8A6A1B-028A-4DFF-8BA1-3634712ED7E8}.Release|x64.ActiveCfg = Release|Any CPU
		{6B8A6A1B-028A-4DFF-8BA1-3634712ED7E8}.Release|x64.Build.0 = Release|Any CPU
		{7DED04BA-C23F-4187-AAD6-7712146510F5}.Debug|Any CPU.ActiveCfg = Debug|Any CPU
		{7DED04BA-C23F-4187-AAD6-7712146510F5}.Debug|Any CPU.Build.0 = Debug|Any CPU
		{7DED04BA-C23F-4187-AAD6-7712146510F5}.Debug|x64.ActiveCfg = Debug|Any CPU
		{7DED04BA-C23F-4187-AAD6-7712146510F5}.Debug|x64.Build.0 = Debug|Any CPU
		{7DED04BA-C23F-4187-AAD6-7712146510F5}.Release|Any CPU.ActiveCfg = Release|Any CPU
		{7DED04BA-C23F-4187-AAD6-7712146510F5}.Release|Any CPU.Build.0 = Release|Any CPU
		{7DED04BA-C23F-4187-AAD6-7712146510F5}.Release|x64.ActiveCfg = Release|Any CPU
		{7DED04BA-C23F-4187-AAD6-7712146510F5}.Release|x64.Build.0 = Release|Any CPU
		{8EA856AE-3AAD-41EB-81F0-CA99ED65E421}.Debug|Any CPU.ActiveCfg = Debug|Any CPU
		{8EA856AE-3AAD-41EB-81F0-CA99ED65E421}.Debug|Any CPU.Build.0 = Debug|Any CPU
		{8EA856AE-3AAD-41EB-81F0-CA99ED65E421}.Debug|x64.ActiveCfg = Debug|Any CPU
		{8EA856AE-3AAD-41EB-81F0-CA99ED65E421}.Debug|x64.Build.0 = Debug|Any CPU
		{8EA856AE-3AAD-41EB-81F0-CA99ED65E421}.Release|Any CPU.ActiveCfg = Release|Any CPU
		{8EA856AE-3AAD-41EB-81F0-CA99ED65E421}.Release|Any CPU.Build.0 = Release|Any CPU
		{8EA856AE-3AAD-41EB-81F0-CA99ED65E421}.Release|x64.ActiveCfg = Release|Any CPU
		{8EA856AE-3AAD-41EB-81F0-CA99ED65E421}.Release|x64.Build.0 = Release|Any CPU
		{0C0B273E-7E8D-4ED4-9BB7-A6B51252B71B}.Debug|Any CPU.ActiveCfg = Debug|Any CPU
		{0C0B273E-7E8D-4ED4-9BB7-A6B51252B71B}.Debug|Any CPU.Build.0 = Debug|Any CPU
		{0C0B273E-7E8D-4ED4-9BB7-A6B51252B71B}.Debug|x64.ActiveCfg = Debug|Any CPU
		{0C0B273E-7E8D-4ED4-9BB7-A6B51252B71B}.Debug|x64.Build.0 = Debug|Any CPU
		{0C0B273E-7E8D-4ED4-9BB7-A6B51252B71B}.Release|Any CPU.ActiveCfg = Release|Any CPU
		{0C0B273E-7E8D-4ED4-9BB7-A6B51252B71B}.Release|Any CPU.Build.0 = Release|Any CPU
		{0C0B273E-7E8D-4ED4-9BB7-A6B51252B71B}.Release|x64.ActiveCfg = Release|Any CPU
		{0C0B273E-7E8D-4ED4-9BB7-A6B51252B71B}.Release|x64.Build.0 = Release|Any CPU
		{C1DE38F7-E915-4E8F-9C71-AE5F10FC7C80}.Debug|Any CPU.ActiveCfg = Debug|Any CPU
		{C1DE38F7-E915-4E8F-9C71-AE5F10FC7C80}.Debug|Any CPU.Build.0 = Debug|Any CPU
		{C1DE38F7-E915-4E8F-9C71-AE5F10FC7C80}.Debug|x64.ActiveCfg = Debug|Any CPU
		{C1DE38F7-E915-4E8F-9C71-AE5F10FC7C80}.Debug|x64.Build.0 = Debug|Any CPU
		{C1DE38F7-E915-4E8F-9C71-AE5F10FC7C80}.Release|Any CPU.ActiveCfg = Release|Any CPU
		{C1DE38F7-E915-4E8F-9C71-AE5F10FC7C80}.Release|Any CPU.Build.0 = Release|Any CPU
		{C1DE38F7-E915-4E8F-9C71-AE5F10FC7C80}.Release|x64.ActiveCfg = Release|Any CPU
		{C1DE38F7-E915-4E8F-9C71-AE5F10FC7C80}.Release|x64.Build.0 = Release|Any CPU
		{1A1F0829-9537-4161-BA9F-CB9D1465E471}.Debug|Any CPU.ActiveCfg = Debug|Any CPU
		{1A1F0829-9537-4161-BA9F-CB9D1465E471}.Debug|Any CPU.Build.0 = Debug|Any CPU
		{1A1F0829-9537-4161-BA9F-CB9D1465E471}.Debug|x64.ActiveCfg = Debug|Any CPU
		{1A1F0829-9537-4161-BA9F-CB9D1465E471}.Debug|x64.Build.0 = Debug|Any CPU
		{1A1F0829-9537-4161-BA9F-CB9D1465E471}.Release|Any CPU.ActiveCfg = Release|Any CPU
		{1A1F0829-9537-4161-BA9F-CB9D1465E471}.Release|Any CPU.Build.0 = Release|Any CPU
		{1A1F0829-9537-4161-BA9F-CB9D1465E471}.Release|x64.ActiveCfg = Release|Any CPU
		{1A1F0829-9537-4161-BA9F-CB9D1465E471}.Release|x64.Build.0 = Release|Any CPU
		{523E2226-9B96-4006-A385-09065199F09A}.Debug|Any CPU.ActiveCfg = Debug|Any CPU
		{523E2226-9B96-4006-A385-09065199F09A}.Debug|Any CPU.Build.0 = Debug|Any CPU
		{523E2226-9B96-4006-A385-09065199F09A}.Debug|x64.ActiveCfg = Debug|Any CPU
		{523E2226-9B96-4006-A385-09065199F09A}.Debug|x64.Build.0 = Debug|Any CPU
		{523E2226-9B96-4006-A385-09065199F09A}.Release|Any CPU.ActiveCfg = Release|Any CPU
		{523E2226-9B96-4006-A385-09065199F09A}.Release|Any CPU.Build.0 = Release|Any CPU
		{523E2226-9B96-4006-A385-09065199F09A}.Release|x64.ActiveCfg = Release|Any CPU
		{523E2226-9B96-4006-A385-09065199F09A}.Release|x64.Build.0 = Release|Any CPU
		{07C4F462-47B8-4F85-926B-71E6F55CFD19}.Debug|Any CPU.ActiveCfg = Debug|Any CPU
		{07C4F462-47B8-4F85-926B-71E6F55CFD19}.Debug|Any CPU.Build.0 = Debug|Any CPU
		{07C4F462-47B8-4F85-926B-71E6F55CFD19}.Debug|x64.ActiveCfg = Debug|Any CPU
		{07C4F462-47B8-4F85-926B-71E6F55CFD19}.Debug|x64.Build.0 = Debug|Any CPU
		{07C4F462-47B8-4F85-926B-71E6F55CFD19}.Release|Any CPU.ActiveCfg = Release|Any CPU
		{07C4F462-47B8-4F85-926B-71E6F55CFD19}.Release|Any CPU.Build.0 = Release|Any CPU
		{07C4F462-47B8-4F85-926B-71E6F55CFD19}.Release|x64.ActiveCfg = Release|Any CPU
		{07C4F462-47B8-4F85-926B-71E6F55CFD19}.Release|x64.Build.0 = Release|Any CPU
		{50382B99-F61A-401B-B273-D0518F747E50}.Debug|Any CPU.ActiveCfg = Debug|Any CPU
		{50382B99-F61A-401B-B273-D0518F747E50}.Debug|Any CPU.Build.0 = Debug|Any CPU
		{50382B99-F61A-401B-B273-D0518F747E50}.Debug|x64.ActiveCfg = Debug|Any CPU
		{50382B99-F61A-401B-B273-D0518F747E50}.Debug|x64.Build.0 = Debug|Any CPU
		{50382B99-F61A-401B-B273-D0518F747E50}.Release|Any CPU.ActiveCfg = Release|Any CPU
		{50382B99-F61A-401B-B273-D0518F747E50}.Release|Any CPU.Build.0 = Release|Any CPU
		{50382B99-F61A-401B-B273-D0518F747E50}.Release|x64.ActiveCfg = Release|Any CPU
		{50382B99-F61A-401B-B273-D0518F747E50}.Release|x64.Build.0 = Release|Any CPU
		{6A11FB50-38A1-4732-95DC-2B88208CF77E}.Debug|Any CPU.ActiveCfg = Debug|Any CPU
		{6A11FB50-38A1-4732-95DC-2B88208CF77E}.Debug|Any CPU.Build.0 = Debug|Any CPU
		{6A11FB50-38A1-4732-95DC-2B88208CF77E}.Debug|x64.ActiveCfg = Debug|Any CPU
		{6A11FB50-38A1-4732-95DC-2B88208CF77E}.Debug|x64.Build.0 = Debug|Any CPU
		{6A11FB50-38A1-4732-95DC-2B88208CF77E}.Release|Any CPU.ActiveCfg = Release|Any CPU
		{6A11FB50-38A1-4732-95DC-2B88208CF77E}.Release|Any CPU.Build.0 = Release|Any CPU
		{6A11FB50-38A1-4732-95DC-2B88208CF77E}.Release|x64.ActiveCfg = Release|Any CPU
		{6A11FB50-38A1-4732-95DC-2B88208CF77E}.Release|x64.Build.0 = Release|Any CPU
		{A3DA48F0-BA2E-4BF5-94D2-085A80547089}.Debug|Any CPU.ActiveCfg = Debug|Any CPU
		{A3DA48F0-BA2E-4BF5-94D2-085A80547089}.Debug|Any CPU.Build.0 = Debug|Any CPU
		{A3DA48F0-BA2E-4BF5-94D2-085A80547089}.Debug|x64.ActiveCfg = Debug|Any CPU
		{A3DA48F0-BA2E-4BF5-94D2-085A80547089}.Debug|x64.Build.0 = Debug|Any CPU
		{A3DA48F0-BA2E-4BF5-94D2-085A80547089}.Release|Any CPU.ActiveCfg = Release|Any CPU
		{A3DA48F0-BA2E-4BF5-94D2-085A80547089}.Release|Any CPU.Build.0 = Release|Any CPU
		{A3DA48F0-BA2E-4BF5-94D2-085A80547089}.Release|x64.ActiveCfg = Release|Any CPU
		{A3DA48F0-BA2E-4BF5-94D2-085A80547089}.Release|x64.Build.0 = Release|Any CPU
		{57DF3ABA-B91C-4C80-B7DD-A13AFF66E556}.Debug|Any CPU.ActiveCfg = Debug|Any CPU
		{57DF3ABA-B91C-4C80-B7DD-A13AFF66E556}.Debug|Any CPU.Build.0 = Debug|Any CPU
		{57DF3ABA-B91C-4C80-B7DD-A13AFF66E556}.Debug|x64.ActiveCfg = Debug|Any CPU
		{57DF3ABA-B91C-4C80-B7DD-A13AFF66E556}.Debug|x64.Build.0 = Debug|Any CPU
		{57DF3ABA-B91C-4C80-B7DD-A13AFF66E556}.Release|Any CPU.ActiveCfg = Release|Any CPU
		{57DF3ABA-B91C-4C80-B7DD-A13AFF66E556}.Release|Any CPU.Build.0 = Release|Any CPU
		{57DF3ABA-B91C-4C80-B7DD-A13AFF66E556}.Release|x64.ActiveCfg = Release|Any CPU
		{57DF3ABA-B91C-4C80-B7DD-A13AFF66E556}.Release|x64.Build.0 = Release|Any CPU
		{006FA4E1-78DC-4E9E-934B-CA0118C055A5}.Debug|Any CPU.ActiveCfg = Debug|Any CPU
		{006FA4E1-78DC-4E9E-934B-CA0118C055A5}.Debug|Any CPU.Build.0 = Debug|Any CPU
		{006FA4E1-78DC-4E9E-934B-CA0118C055A5}.Debug|x64.ActiveCfg = Debug|Any CPU
		{006FA4E1-78DC-4E9E-934B-CA0118C055A5}.Debug|x64.Build.0 = Debug|Any CPU
		{006FA4E1-78DC-4E9E-934B-CA0118C055A5}.Release|Any CPU.ActiveCfg = Release|Any CPU
		{006FA4E1-78DC-4E9E-934B-CA0118C055A5}.Release|Any CPU.Build.0 = Release|Any CPU
		{006FA4E1-78DC-4E9E-934B-CA0118C055A5}.Release|x64.ActiveCfg = Release|Any CPU
		{006FA4E1-78DC-4E9E-934B-CA0118C055A5}.Release|x64.Build.0 = Release|Any CPU
		{B50A5D76-76AC-4724-AB36-3E9F2B11385F}.Debug|Any CPU.ActiveCfg = Debug|Any CPU
		{B50A5D76-76AC-4724-AB36-3E9F2B11385F}.Debug|Any CPU.Build.0 = Debug|Any CPU
		{B50A5D76-76AC-4724-AB36-3E9F2B11385F}.Debug|x64.ActiveCfg = Debug|Any CPU
		{B50A5D76-76AC-4724-AB36-3E9F2B11385F}.Debug|x64.Build.0 = Debug|Any CPU
		{B50A5D76-76AC-4724-AB36-3E9F2B11385F}.Release|Any CPU.ActiveCfg = Release|Any CPU
		{B50A5D76-76AC-4724-AB36-3E9F2B11385F}.Release|Any CPU.Build.0 = Release|Any CPU
		{B50A5D76-76AC-4724-AB36-3E9F2B11385F}.Release|x64.ActiveCfg = Release|Any CPU
		{B50A5D76-76AC-4724-AB36-3E9F2B11385F}.Release|x64.Build.0 = Release|Any CPU
		{E874FF46-DE18-4170-9BE1-D2BBF345A198}.Debug|Any CPU.ActiveCfg = Debug|Any CPU
		{E874FF46-DE18-4170-9BE1-D2BBF345A198}.Debug|Any CPU.Build.0 = Debug|Any CPU
		{E874FF46-DE18-4170-9BE1-D2BBF345A198}.Debug|x64.ActiveCfg = Debug|Any CPU
		{E874FF46-DE18-4170-9BE1-D2BBF345A198}.Debug|x64.Build.0 = Debug|Any CPU
		{E874FF46-DE18-4170-9BE1-D2BBF345A198}.Release|Any CPU.ActiveCfg = Release|Any CPU
		{E874FF46-DE18-4170-9BE1-D2BBF345A198}.Release|Any CPU.Build.0 = Release|Any CPU
		{E874FF46-DE18-4170-9BE1-D2BBF345A198}.Release|x64.ActiveCfg = Release|Any CPU
		{E874FF46-DE18-4170-9BE1-D2BBF345A198}.Release|x64.Build.0 = Release|Any CPU
		{1DD2083C-1378-4DEA-9F30-3AAAC1B1B716}.Debug|Any CPU.ActiveCfg = Debug|Any CPU
		{1DD2083C-1378-4DEA-9F30-3AAAC1B1B716}.Debug|Any CPU.Build.0 = Debug|Any CPU
		{1DD2083C-1378-4DEA-9F30-3AAAC1B1B716}.Debug|x64.ActiveCfg = Debug|Any CPU
		{1DD2083C-1378-4DEA-9F30-3AAAC1B1B716}.Debug|x64.Build.0 = Debug|Any CPU
		{1DD2083C-1378-4DEA-9F30-3AAAC1B1B716}.Release|Any CPU.ActiveCfg = Release|Any CPU
		{1DD2083C-1378-4DEA-9F30-3AAAC1B1B716}.Release|Any CPU.Build.0 = Release|Any CPU
		{1DD2083C-1378-4DEA-9F30-3AAAC1B1B716}.Release|x64.ActiveCfg = Release|Any CPU
		{1DD2083C-1378-4DEA-9F30-3AAAC1B1B716}.Release|x64.Build.0 = Release|Any CPU
		{AD58F2A3-F5B0-434B-A5D9-0C3F71D73031}.Debug|Any CPU.ActiveCfg = Debug|Any CPU
		{AD58F2A3-F5B0-434B-A5D9-0C3F71D73031}.Debug|Any CPU.Build.0 = Debug|Any CPU
		{AD58F2A3-F5B0-434B-A5D9-0C3F71D73031}.Debug|x64.ActiveCfg = Debug|Any CPU
		{AD58F2A3-F5B0-434B-A5D9-0C3F71D73031}.Debug|x64.Build.0 = Debug|Any CPU
		{AD58F2A3-F5B0-434B-A5D9-0C3F71D73031}.Release|Any CPU.ActiveCfg = Release|Any CPU
		{AD58F2A3-F5B0-434B-A5D9-0C3F71D73031}.Release|Any CPU.Build.0 = Release|Any CPU
		{AD58F2A3-F5B0-434B-A5D9-0C3F71D73031}.Release|x64.ActiveCfg = Release|Any CPU
		{AD58F2A3-F5B0-434B-A5D9-0C3F71D73031}.Release|x64.Build.0 = Release|Any CPU
		{D167E592-52D8-4CB1-940C-C5C82DD1F107}.Debug|Any CPU.ActiveCfg = Debug|Any CPU
		{D167E592-52D8-4CB1-940C-C5C82DD1F107}.Debug|Any CPU.Build.0 = Debug|Any CPU
		{D167E592-52D8-4CB1-940C-C5C82DD1F107}.Debug|x64.ActiveCfg = Debug|Any CPU
		{D167E592-52D8-4CB1-940C-C5C82DD1F107}.Debug|x64.Build.0 = Debug|Any CPU
		{D167E592-52D8-4CB1-940C-C5C82DD1F107}.Release|Any CPU.ActiveCfg = Release|Any CPU
		{D167E592-52D8-4CB1-940C-C5C82DD1F107}.Release|Any CPU.Build.0 = Release|Any CPU
		{D167E592-52D8-4CB1-940C-C5C82DD1F107}.Release|x64.ActiveCfg = Release|Any CPU
		{D167E592-52D8-4CB1-940C-C5C82DD1F107}.Release|x64.Build.0 = Release|Any CPU
		{871629A6-DFA8-4CE9-AF45-CC983B955900}.Debug|Any CPU.ActiveCfg = Debug|Any CPU
		{871629A6-DFA8-4CE9-AF45-CC983B955900}.Debug|Any CPU.Build.0 = Debug|Any CPU
		{871629A6-DFA8-4CE9-AF45-CC983B955900}.Debug|x64.ActiveCfg = Debug|Any CPU
		{871629A6-DFA8-4CE9-AF45-CC983B955900}.Debug|x64.Build.0 = Debug|Any CPU
		{871629A6-DFA8-4CE9-AF45-CC983B955900}.Release|Any CPU.ActiveCfg = Release|Any CPU
		{871629A6-DFA8-4CE9-AF45-CC983B955900}.Release|Any CPU.Build.0 = Release|Any CPU
		{871629A6-DFA8-4CE9-AF45-CC983B955900}.Release|x64.ActiveCfg = Release|Any CPU
		{871629A6-DFA8-4CE9-AF45-CC983B955900}.Release|x64.Build.0 = Release|Any CPU
		{8101435D-DF75-4B4F-A6C8-83DCB53C5990}.Debug|Any CPU.ActiveCfg = Debug|Any CPU
		{8101435D-DF75-4B4F-A6C8-83DCB53C5990}.Debug|Any CPU.Build.0 = Debug|Any CPU
		{8101435D-DF75-4B4F-A6C8-83DCB53C5990}.Debug|x64.ActiveCfg = Debug|Any CPU
		{8101435D-DF75-4B4F-A6C8-83DCB53C5990}.Debug|x64.Build.0 = Debug|Any CPU
		{8101435D-DF75-4B4F-A6C8-83DCB53C5990}.Release|Any CPU.ActiveCfg = Release|Any CPU
		{8101435D-DF75-4B4F-A6C8-83DCB53C5990}.Release|Any CPU.Build.0 = Release|Any CPU
		{8101435D-DF75-4B4F-A6C8-83DCB53C5990}.Release|x64.ActiveCfg = Release|Any CPU
		{8101435D-DF75-4B4F-A6C8-83DCB53C5990}.Release|x64.Build.0 = Release|Any CPU
		{0698A410-2125-4A5C-8C8D-5DC46A13FCF6}.Debug|Any CPU.ActiveCfg = Debug|Any CPU
		{0698A410-2125-4A5C-8C8D-5DC46A13FCF6}.Debug|Any CPU.Build.0 = Debug|Any CPU
		{0698A410-2125-4A5C-8C8D-5DC46A13FCF6}.Debug|x64.ActiveCfg = Debug|Any CPU
		{0698A410-2125-4A5C-8C8D-5DC46A13FCF6}.Debug|x64.Build.0 = Debug|Any CPU
		{0698A410-2125-4A5C-8C8D-5DC46A13FCF6}.Release|Any CPU.ActiveCfg = Release|Any CPU
		{0698A410-2125-4A5C-8C8D-5DC46A13FCF6}.Release|Any CPU.Build.0 = Release|Any CPU
		{0698A410-2125-4A5C-8C8D-5DC46A13FCF6}.Release|x64.ActiveCfg = Release|Any CPU
		{0698A410-2125-4A5C-8C8D-5DC46A13FCF6}.Release|x64.Build.0 = Release|Any CPU
		{CE7667D7-0F3F-40CD-94B0-27EE7D60B9DD}.Debug|Any CPU.ActiveCfg = Debug|Any CPU
		{CE7667D7-0F3F-40CD-94B0-27EE7D60B9DD}.Debug|Any CPU.Build.0 = Debug|Any CPU
		{CE7667D7-0F3F-40CD-94B0-27EE7D60B9DD}.Debug|x64.ActiveCfg = Debug|Any CPU
		{CE7667D7-0F3F-40CD-94B0-27EE7D60B9DD}.Debug|x64.Build.0 = Debug|Any CPU
		{CE7667D7-0F3F-40CD-94B0-27EE7D60B9DD}.Release|Any CPU.ActiveCfg = Release|Any CPU
		{CE7667D7-0F3F-40CD-94B0-27EE7D60B9DD}.Release|Any CPU.Build.0 = Release|Any CPU
		{CE7667D7-0F3F-40CD-94B0-27EE7D60B9DD}.Release|x64.ActiveCfg = Release|Any CPU
		{CE7667D7-0F3F-40CD-94B0-27EE7D60B9DD}.Release|x64.Build.0 = Release|Any CPU
		{34411C9A-F4A6-4719-9C64-46CA91417278}.Debug|Any CPU.ActiveCfg = Debug|Any CPU
		{34411C9A-F4A6-4719-9C64-46CA91417278}.Debug|Any CPU.Build.0 = Debug|Any CPU
		{34411C9A-F4A6-4719-9C64-46CA91417278}.Debug|x64.ActiveCfg = Debug|Any CPU
		{34411C9A-F4A6-4719-9C64-46CA91417278}.Debug|x64.Build.0 = Debug|Any CPU
		{34411C9A-F4A6-4719-9C64-46CA91417278}.Release|Any CPU.ActiveCfg = Release|Any CPU
		{34411C9A-F4A6-4719-9C64-46CA91417278}.Release|Any CPU.Build.0 = Release|Any CPU
		{34411C9A-F4A6-4719-9C64-46CA91417278}.Release|x64.ActiveCfg = Release|Any CPU
		{34411C9A-F4A6-4719-9C64-46CA91417278}.Release|x64.Build.0 = Release|Any CPU
		{CCF9139A-FEA5-47DD-BA95-0C624EADC1D8}.Debug|Any CPU.ActiveCfg = Debug|Any CPU
		{CCF9139A-FEA5-47DD-BA95-0C624EADC1D8}.Debug|Any CPU.Build.0 = Debug|Any CPU
		{CCF9139A-FEA5-47DD-BA95-0C624EADC1D8}.Debug|x64.ActiveCfg = Debug|Any CPU
		{CCF9139A-FEA5-47DD-BA95-0C624EADC1D8}.Debug|x64.Build.0 = Debug|Any CPU
		{CCF9139A-FEA5-47DD-BA95-0C624EADC1D8}.Release|Any CPU.ActiveCfg = Release|Any CPU
		{CCF9139A-FEA5-47DD-BA95-0C624EADC1D8}.Release|Any CPU.Build.0 = Release|Any CPU
		{CCF9139A-FEA5-47DD-BA95-0C624EADC1D8}.Release|x64.ActiveCfg = Release|Any CPU
		{CCF9139A-FEA5-47DD-BA95-0C624EADC1D8}.Release|x64.Build.0 = Release|Any CPU
		{4F356668-E4A3-457C-A2D3-DB4FD5F857F3}.Debug|Any CPU.ActiveCfg = Debug|Any CPU
		{4F356668-E4A3-457C-A2D3-DB4FD5F857F3}.Debug|Any CPU.Build.0 = Debug|Any CPU
		{4F356668-E4A3-457C-A2D3-DB4FD5F857F3}.Debug|x64.ActiveCfg = Debug|Any CPU
		{4F356668-E4A3-457C-A2D3-DB4FD5F857F3}.Debug|x64.Build.0 = Debug|Any CPU
		{4F356668-E4A3-457C-A2D3-DB4FD5F857F3}.Release|Any CPU.ActiveCfg = Release|Any CPU
		{4F356668-E4A3-457C-A2D3-DB4FD5F857F3}.Release|Any CPU.Build.0 = Release|Any CPU
		{4F356668-E4A3-457C-A2D3-DB4FD5F857F3}.Release|x64.ActiveCfg = Release|Any CPU
		{4F356668-E4A3-457C-A2D3-DB4FD5F857F3}.Release|x64.Build.0 = Release|Any CPU
		{62304C08-9598-4E29-8327-65C347A11A98}.Debug|Any CPU.ActiveCfg = Debug|Any CPU
		{62304C08-9598-4E29-8327-65C347A11A98}.Debug|Any CPU.Build.0 = Debug|Any CPU
		{62304C08-9598-4E29-8327-65C347A11A98}.Debug|x64.ActiveCfg = Debug|Any CPU
		{62304C08-9598-4E29-8327-65C347A11A98}.Debug|x64.Build.0 = Debug|Any CPU
		{62304C08-9598-4E29-8327-65C347A11A98}.Release|Any CPU.ActiveCfg = Release|Any CPU
		{62304C08-9598-4E29-8327-65C347A11A98}.Release|Any CPU.Build.0 = Release|Any CPU
		{62304C08-9598-4E29-8327-65C347A11A98}.Release|x64.ActiveCfg = Release|Any CPU
		{62304C08-9598-4E29-8327-65C347A11A98}.Release|x64.Build.0 = Release|Any CPU
		{9171D1EA-64F9-49F1-95EB-CC07770F6636}.Debug|Any CPU.ActiveCfg = Debug|Any CPU
		{9171D1EA-64F9-49F1-95EB-CC07770F6636}.Debug|Any CPU.Build.0 = Debug|Any CPU
		{9171D1EA-64F9-49F1-95EB-CC07770F6636}.Debug|x64.ActiveCfg = Debug|Any CPU
		{9171D1EA-64F9-49F1-95EB-CC07770F6636}.Debug|x64.Build.0 = Debug|Any CPU
		{9171D1EA-64F9-49F1-95EB-CC07770F6636}.Release|Any CPU.ActiveCfg = Release|Any CPU
		{9171D1EA-64F9-49F1-95EB-CC07770F6636}.Release|Any CPU.Build.0 = Release|Any CPU
		{9171D1EA-64F9-49F1-95EB-CC07770F6636}.Release|x64.ActiveCfg = Release|Any CPU
		{9171D1EA-64F9-49F1-95EB-CC07770F6636}.Release|x64.Build.0 = Release|Any CPU
		{96FAE8C7-A8F3-40BB-9D0A-B8EB9EDD2E42}.Debug|Any CPU.ActiveCfg = Debug|Any CPU
		{96FAE8C7-A8F3-40BB-9D0A-B8EB9EDD2E42}.Debug|Any CPU.Build.0 = Debug|Any CPU
		{96FAE8C7-A8F3-40BB-9D0A-B8EB9EDD2E42}.Debug|x64.ActiveCfg = Debug|Any CPU
		{96FAE8C7-A8F3-40BB-9D0A-B8EB9EDD2E42}.Debug|x64.Build.0 = Debug|Any CPU
		{96FAE8C7-A8F3-40BB-9D0A-B8EB9EDD2E42}.Release|Any CPU.ActiveCfg = Release|Any CPU
		{96FAE8C7-A8F3-40BB-9D0A-B8EB9EDD2E42}.Release|Any CPU.Build.0 = Release|Any CPU
		{96FAE8C7-A8F3-40BB-9D0A-B8EB9EDD2E42}.Release|x64.ActiveCfg = Release|Any CPU
		{96FAE8C7-A8F3-40BB-9D0A-B8EB9EDD2E42}.Release|x64.Build.0 = Release|Any CPU
		{0535368F-B672-4D55-9B0E-C35531CAF8DD}.Debug|Any CPU.ActiveCfg = Debug|Any CPU
		{0535368F-B672-4D55-9B0E-C35531CAF8DD}.Debug|Any CPU.Build.0 = Debug|Any CPU
		{0535368F-B672-4D55-9B0E-C35531CAF8DD}.Debug|x64.ActiveCfg = Debug|Any CPU
		{0535368F-B672-4D55-9B0E-C35531CAF8DD}.Debug|x64.Build.0 = Debug|Any CPU
		{0535368F-B672-4D55-9B0E-C35531CAF8DD}.Release|Any CPU.ActiveCfg = Release|Any CPU
		{0535368F-B672-4D55-9B0E-C35531CAF8DD}.Release|Any CPU.Build.0 = Release|Any CPU
		{0535368F-B672-4D55-9B0E-C35531CAF8DD}.Release|x64.ActiveCfg = Release|Any CPU
		{0535368F-B672-4D55-9B0E-C35531CAF8DD}.Release|x64.Build.0 = Release|Any CPU
		{48A05B46-C875-498A-B37E-90CFED2A703C}.Debug|Any CPU.ActiveCfg = Debug|Any CPU
		{48A05B46-C875-498A-B37E-90CFED2A703C}.Debug|Any CPU.Build.0 = Debug|Any CPU
		{48A05B46-C875-498A-B37E-90CFED2A703C}.Debug|x64.ActiveCfg = Debug|Any CPU
		{48A05B46-C875-498A-B37E-90CFED2A703C}.Debug|x64.Build.0 = Debug|Any CPU
		{48A05B46-C875-498A-B37E-90CFED2A703C}.Release|Any CPU.ActiveCfg = Release|Any CPU
		{48A05B46-C875-498A-B37E-90CFED2A703C}.Release|Any CPU.Build.0 = Release|Any CPU
		{48A05B46-C875-498A-B37E-90CFED2A703C}.Release|x64.ActiveCfg = Release|Any CPU
		{48A05B46-C875-498A-B37E-90CFED2A703C}.Release|x64.Build.0 = Release|Any CPU
		{CE66DB90-BA56-4C36-9CB1-09E4CA3B9831}.Debug|Any CPU.ActiveCfg = Debug|Any CPU
		{CE66DB90-BA56-4C36-9CB1-09E4CA3B9831}.Debug|Any CPU.Build.0 = Debug|Any CPU
		{CE66DB90-BA56-4C36-9CB1-09E4CA3B9831}.Debug|x64.ActiveCfg = Debug|Any CPU
		{CE66DB90-BA56-4C36-9CB1-09E4CA3B9831}.Debug|x64.Build.0 = Debug|Any CPU
		{CE66DB90-BA56-4C36-9CB1-09E4CA3B9831}.Release|Any CPU.ActiveCfg = Release|Any CPU
		{CE66DB90-BA56-4C36-9CB1-09E4CA3B9831}.Release|Any CPU.Build.0 = Release|Any CPU
		{CE66DB90-BA56-4C36-9CB1-09E4CA3B9831}.Release|x64.ActiveCfg = Release|Any CPU
		{CE66DB90-BA56-4C36-9CB1-09E4CA3B9831}.Release|x64.Build.0 = Release|Any CPU
		{49133056-CD0C-4F00-8574-B3D99CA8E740}.Debug|Any CPU.ActiveCfg = Debug|Any CPU
		{49133056-CD0C-4F00-8574-B3D99CA8E740}.Debug|Any CPU.Build.0 = Debug|Any CPU
		{49133056-CD0C-4F00-8574-B3D99CA8E740}.Debug|x64.ActiveCfg = Debug|Any CPU
		{49133056-CD0C-4F00-8574-B3D99CA8E740}.Debug|x64.Build.0 = Debug|Any CPU
		{49133056-CD0C-4F00-8574-B3D99CA8E740}.Release|Any CPU.ActiveCfg = Release|Any CPU
		{49133056-CD0C-4F00-8574-B3D99CA8E740}.Release|Any CPU.Build.0 = Release|Any CPU
		{49133056-CD0C-4F00-8574-B3D99CA8E740}.Release|x64.ActiveCfg = Release|Any CPU
		{49133056-CD0C-4F00-8574-B3D99CA8E740}.Release|x64.Build.0 = Release|Any CPU
		{5FC00995-C4DF-4C1D-9377-433AEB834D94}.Debug|Any CPU.ActiveCfg = Debug|Any CPU
		{5FC00995-C4DF-4C1D-9377-433AEB834D94}.Debug|Any CPU.Build.0 = Debug|Any CPU
		{5FC00995-C4DF-4C1D-9377-433AEB834D94}.Debug|x64.ActiveCfg = Debug|Any CPU
		{5FC00995-C4DF-4C1D-9377-433AEB834D94}.Debug|x64.Build.0 = Debug|Any CPU
		{5FC00995-C4DF-4C1D-9377-433AEB834D94}.Release|Any CPU.ActiveCfg = Release|Any CPU
		{5FC00995-C4DF-4C1D-9377-433AEB834D94}.Release|Any CPU.Build.0 = Release|Any CPU
		{5FC00995-C4DF-4C1D-9377-433AEB834D94}.Release|x64.ActiveCfg = Release|Any CPU
		{5FC00995-C4DF-4C1D-9377-433AEB834D94}.Release|x64.Build.0 = Release|Any CPU
		{9CC5C69B-9C44-4010-B6C1-CC1F17287077}.Debug|Any CPU.ActiveCfg = Debug|Any CPU
		{9CC5C69B-9C44-4010-B6C1-CC1F17287077}.Debug|Any CPU.Build.0 = Debug|Any CPU
		{9CC5C69B-9C44-4010-B6C1-CC1F17287077}.Debug|x64.ActiveCfg = Debug|Any CPU
		{9CC5C69B-9C44-4010-B6C1-CC1F17287077}.Debug|x64.Build.0 = Debug|Any CPU
		{9CC5C69B-9C44-4010-B6C1-CC1F17287077}.Release|Any CPU.ActiveCfg = Release|Any CPU
		{9CC5C69B-9C44-4010-B6C1-CC1F17287077}.Release|Any CPU.Build.0 = Release|Any CPU
		{9CC5C69B-9C44-4010-B6C1-CC1F17287077}.Release|x64.ActiveCfg = Release|Any CPU
		{9CC5C69B-9C44-4010-B6C1-CC1F17287077}.Release|x64.Build.0 = Release|Any CPU
		{CE5EF48C-7AA2-4CBC-A455-ECC0E8452395}.Debug|Any CPU.ActiveCfg = Debug|Any CPU
		{CE5EF48C-7AA2-4CBC-A455-ECC0E8452395}.Debug|Any CPU.Build.0 = Debug|Any CPU
		{CE5EF48C-7AA2-4CBC-A455-ECC0E8452395}.Debug|x64.ActiveCfg = Debug|Any CPU
		{CE5EF48C-7AA2-4CBC-A455-ECC0E8452395}.Debug|x64.Build.0 = Debug|Any CPU
		{CE5EF48C-7AA2-4CBC-A455-ECC0E8452395}.Release|Any CPU.ActiveCfg = Release|Any CPU
		{CE5EF48C-7AA2-4CBC-A455-ECC0E8452395}.Release|Any CPU.Build.0 = Release|Any CPU
		{CE5EF48C-7AA2-4CBC-A455-ECC0E8452395}.Release|x64.ActiveCfg = Release|Any CPU
		{CE5EF48C-7AA2-4CBC-A455-ECC0E8452395}.Release|x64.Build.0 = Release|Any CPU
		{DFCC2337-5877-4667-A573-DC7DEF4EBC82}.Debug|Any CPU.ActiveCfg = Debug|Any CPU
		{DFCC2337-5877-4667-A573-DC7DEF4EBC82}.Debug|Any CPU.Build.0 = Debug|Any CPU
		{DFCC2337-5877-4667-A573-DC7DEF4EBC82}.Debug|x64.ActiveCfg = Debug|Any CPU
		{DFCC2337-5877-4667-A573-DC7DEF4EBC82}.Debug|x64.Build.0 = Debug|Any CPU
		{DFCC2337-5877-4667-A573-DC7DEF4EBC82}.Release|Any CPU.ActiveCfg = Release|Any CPU
		{DFCC2337-5877-4667-A573-DC7DEF4EBC82}.Release|Any CPU.Build.0 = Release|Any CPU
		{DFCC2337-5877-4667-A573-DC7DEF4EBC82}.Release|x64.ActiveCfg = Release|Any CPU
		{DFCC2337-5877-4667-A573-DC7DEF4EBC82}.Release|x64.Build.0 = Release|Any CPU
		{9B62CB6E-B9D2-4FBD-898D-5B39C56D07AD}.Debug|Any CPU.ActiveCfg = Debug|Any CPU
		{9B62CB6E-B9D2-4FBD-898D-5B39C56D07AD}.Debug|Any CPU.Build.0 = Debug|Any CPU
		{9B62CB6E-B9D2-4FBD-898D-5B39C56D07AD}.Debug|x64.ActiveCfg = Debug|Any CPU
		{9B62CB6E-B9D2-4FBD-898D-5B39C56D07AD}.Debug|x64.Build.0 = Debug|Any CPU
		{9B62CB6E-B9D2-4FBD-898D-5B39C56D07AD}.Release|Any CPU.ActiveCfg = Release|Any CPU
		{9B62CB6E-B9D2-4FBD-898D-5B39C56D07AD}.Release|Any CPU.Build.0 = Release|Any CPU
		{9B62CB6E-B9D2-4FBD-898D-5B39C56D07AD}.Release|x64.ActiveCfg = Release|Any CPU
		{9B62CB6E-B9D2-4FBD-898D-5B39C56D07AD}.Release|x64.Build.0 = Release|Any CPU
		{019636F5-DCE6-4042-B9A8-798FC168504A}.Debug|Any CPU.ActiveCfg = Debug|Any CPU
		{019636F5-DCE6-4042-B9A8-798FC168504A}.Debug|Any CPU.Build.0 = Debug|Any CPU
		{019636F5-DCE6-4042-B9A8-798FC168504A}.Debug|x64.ActiveCfg = Debug|Any CPU
		{019636F5-DCE6-4042-B9A8-798FC168504A}.Debug|x64.Build.0 = Debug|Any CPU
		{019636F5-DCE6-4042-B9A8-798FC168504A}.Release|Any CPU.ActiveCfg = Release|Any CPU
		{019636F5-DCE6-4042-B9A8-798FC168504A}.Release|Any CPU.Build.0 = Release|Any CPU
		{019636F5-DCE6-4042-B9A8-798FC168504A}.Release|x64.ActiveCfg = Release|Any CPU
		{019636F5-DCE6-4042-B9A8-798FC168504A}.Release|x64.Build.0 = Release|Any CPU
		{5BBA12FE-CE4E-4FD2-B3FC-657AB730844A}.Debug|Any CPU.ActiveCfg = Debug|Any CPU
		{5BBA12FE-CE4E-4FD2-B3FC-657AB730844A}.Debug|Any CPU.Build.0 = Debug|Any CPU
		{5BBA12FE-CE4E-4FD2-B3FC-657AB730844A}.Debug|x64.ActiveCfg = Debug|Any CPU
		{5BBA12FE-CE4E-4FD2-B3FC-657AB730844A}.Debug|x64.Build.0 = Debug|Any CPU
		{5BBA12FE-CE4E-4FD2-B3FC-657AB730844A}.Release|Any CPU.ActiveCfg = Release|Any CPU
		{5BBA12FE-CE4E-4FD2-B3FC-657AB730844A}.Release|Any CPU.Build.0 = Release|Any CPU
		{5BBA12FE-CE4E-4FD2-B3FC-657AB730844A}.Release|x64.ActiveCfg = Release|Any CPU
		{5BBA12FE-CE4E-4FD2-B3FC-657AB730844A}.Release|x64.Build.0 = Release|Any CPU
		{BA1A1985-FB75-4961-B013-3FA7B4D2A5F6}.Debug|Any CPU.ActiveCfg = Debug|Any CPU
		{BA1A1985-FB75-4961-B013-3FA7B4D2A5F6}.Debug|Any CPU.Build.0 = Debug|Any CPU
		{BA1A1985-FB75-4961-B013-3FA7B4D2A5F6}.Debug|x64.ActiveCfg = Debug|Any CPU
		{BA1A1985-FB75-4961-B013-3FA7B4D2A5F6}.Debug|x64.Build.0 = Debug|Any CPU
		{BA1A1985-FB75-4961-B013-3FA7B4D2A5F6}.Release|Any CPU.ActiveCfg = Release|Any CPU
		{BA1A1985-FB75-4961-B013-3FA7B4D2A5F6}.Release|Any CPU.Build.0 = Release|Any CPU
		{BA1A1985-FB75-4961-B013-3FA7B4D2A5F6}.Release|x64.ActiveCfg = Release|Any CPU
		{BA1A1985-FB75-4961-B013-3FA7B4D2A5F6}.Release|x64.Build.0 = Release|Any CPU
		{0EA9B9EE-E699-4228-9000-42638D245841}.Debug|Any CPU.ActiveCfg = Debug|Any CPU
		{0EA9B9EE-E699-4228-9000-42638D245841}.Debug|Any CPU.Build.0 = Debug|Any CPU
		{0EA9B9EE-E699-4228-9000-42638D245841}.Debug|x64.ActiveCfg = Debug|Any CPU
		{0EA9B9EE-E699-4228-9000-42638D245841}.Debug|x64.Build.0 = Debug|Any CPU
		{0EA9B9EE-E699-4228-9000-42638D245841}.Release|Any CPU.ActiveCfg = Release|Any CPU
		{0EA9B9EE-E699-4228-9000-42638D245841}.Release|Any CPU.Build.0 = Release|Any CPU
		{0EA9B9EE-E699-4228-9000-42638D245841}.Release|x64.ActiveCfg = Release|Any CPU
		{0EA9B9EE-E699-4228-9000-42638D245841}.Release|x64.Build.0 = Release|Any CPU
		{7E702264-22BA-4BE6-8E6B-C1630845BB0A}.Debug|Any CPU.ActiveCfg = Debug|Any CPU
		{7E702264-22BA-4BE6-8E6B-C1630845BB0A}.Debug|Any CPU.Build.0 = Debug|Any CPU
		{7E702264-22BA-4BE6-8E6B-C1630845BB0A}.Debug|x64.ActiveCfg = Debug|Any CPU
		{7E702264-22BA-4BE6-8E6B-C1630845BB0A}.Debug|x64.Build.0 = Debug|Any CPU
		{7E702264-22BA-4BE6-8E6B-C1630845BB0A}.Release|Any CPU.ActiveCfg = Release|Any CPU
		{7E702264-22BA-4BE6-8E6B-C1630845BB0A}.Release|Any CPU.Build.0 = Release|Any CPU
		{7E702264-22BA-4BE6-8E6B-C1630845BB0A}.Release|x64.ActiveCfg = Release|Any CPU
		{7E702264-22BA-4BE6-8E6B-C1630845BB0A}.Release|x64.Build.0 = Release|Any CPU
		{CB205435-0107-454B-B5F8-162DEC10E611}.Debug|Any CPU.ActiveCfg = Debug|Any CPU
		{CB205435-0107-454B-B5F8-162DEC10E611}.Debug|Any CPU.Build.0 = Debug|Any CPU
		{CB205435-0107-454B-B5F8-162DEC10E611}.Debug|x64.ActiveCfg = Debug|Any CPU
		{CB205435-0107-454B-B5F8-162DEC10E611}.Debug|x64.Build.0 = Debug|Any CPU
		{CB205435-0107-454B-B5F8-162DEC10E611}.Release|Any CPU.ActiveCfg = Release|Any CPU
		{CB205435-0107-454B-B5F8-162DEC10E611}.Release|Any CPU.Build.0 = Release|Any CPU
		{CB205435-0107-454B-B5F8-162DEC10E611}.Release|x64.ActiveCfg = Release|Any CPU
		{CB205435-0107-454B-B5F8-162DEC10E611}.Release|x64.Build.0 = Release|Any CPU
		{8F0A7F4C-E615-47A2-950D-930CA91F80C1}.Debug|Any CPU.ActiveCfg = Debug|Any CPU
		{8F0A7F4C-E615-47A2-950D-930CA91F80C1}.Debug|Any CPU.Build.0 = Debug|Any CPU
		{8F0A7F4C-E615-47A2-950D-930CA91F80C1}.Debug|x64.ActiveCfg = Debug|Any CPU
		{8F0A7F4C-E615-47A2-950D-930CA91F80C1}.Debug|x64.Build.0 = Debug|Any CPU
		{8F0A7F4C-E615-47A2-950D-930CA91F80C1}.Release|Any CPU.ActiveCfg = Release|Any CPU
		{8F0A7F4C-E615-47A2-950D-930CA91F80C1}.Release|Any CPU.Build.0 = Release|Any CPU
		{8F0A7F4C-E615-47A2-950D-930CA91F80C1}.Release|x64.ActiveCfg = Release|Any CPU
		{8F0A7F4C-E615-47A2-950D-930CA91F80C1}.Release|x64.Build.0 = Release|Any CPU
		{346F15C3-D952-4060-8F3A-11CB9CE70555}.Debug|Any CPU.ActiveCfg = Debug|Any CPU
		{346F15C3-D952-4060-8F3A-11CB9CE70555}.Debug|Any CPU.Build.0 = Debug|Any CPU
		{346F15C3-D952-4060-8F3A-11CB9CE70555}.Debug|x64.ActiveCfg = Debug|Any CPU
		{346F15C3-D952-4060-8F3A-11CB9CE70555}.Debug|x64.Build.0 = Debug|Any CPU
		{346F15C3-D952-4060-8F3A-11CB9CE70555}.Release|Any CPU.ActiveCfg = Release|Any CPU
		{346F15C3-D952-4060-8F3A-11CB9CE70555}.Release|Any CPU.Build.0 = Release|Any CPU
		{346F15C3-D952-4060-8F3A-11CB9CE70555}.Release|x64.ActiveCfg = Release|Any CPU
		{346F15C3-D952-4060-8F3A-11CB9CE70555}.Release|x64.Build.0 = Release|Any CPU
		{F54B0CBC-2FAA-403D-B044-D0AEB997D011}.Debug|Any CPU.ActiveCfg = Debug|Any CPU
		{F54B0CBC-2FAA-403D-B044-D0AEB997D011}.Debug|Any CPU.Build.0 = Debug|Any CPU
		{F54B0CBC-2FAA-403D-B044-D0AEB997D011}.Debug|x64.ActiveCfg = Debug|Any CPU
		{F54B0CBC-2FAA-403D-B044-D0AEB997D011}.Debug|x64.Build.0 = Debug|Any CPU
		{F54B0CBC-2FAA-403D-B044-D0AEB997D011}.Release|Any CPU.ActiveCfg = Release|Any CPU
		{F54B0CBC-2FAA-403D-B044-D0AEB997D011}.Release|Any CPU.Build.0 = Release|Any CPU
		{F54B0CBC-2FAA-403D-B044-D0AEB997D011}.Release|x64.ActiveCfg = Release|Any CPU
		{F54B0CBC-2FAA-403D-B044-D0AEB997D011}.Release|x64.Build.0 = Release|Any CPU
		{840A4EAE-1305-4675-9DFE-21BD32FF445A}.Debug|Any CPU.ActiveCfg = Debug|Any CPU
		{840A4EAE-1305-4675-9DFE-21BD32FF445A}.Debug|Any CPU.Build.0 = Debug|Any CPU
		{840A4EAE-1305-4675-9DFE-21BD32FF445A}.Debug|x64.ActiveCfg = Debug|Any CPU
		{840A4EAE-1305-4675-9DFE-21BD32FF445A}.Debug|x64.Build.0 = Debug|Any CPU
		{840A4EAE-1305-4675-9DFE-21BD32FF445A}.Release|Any CPU.ActiveCfg = Release|Any CPU
		{840A4EAE-1305-4675-9DFE-21BD32FF445A}.Release|Any CPU.Build.0 = Release|Any CPU
		{840A4EAE-1305-4675-9DFE-21BD32FF445A}.Release|x64.ActiveCfg = Release|Any CPU
		{840A4EAE-1305-4675-9DFE-21BD32FF445A}.Release|x64.Build.0 = Release|Any CPU
		{C5543009-C9FB-4731-963D-D83701A70876}.Debug|Any CPU.ActiveCfg = Debug|Any CPU
		{C5543009-C9FB-4731-963D-D83701A70876}.Debug|Any CPU.Build.0 = Debug|Any CPU
		{C5543009-C9FB-4731-963D-D83701A70876}.Debug|x64.ActiveCfg = Debug|Any CPU
		{C5543009-C9FB-4731-963D-D83701A70876}.Debug|x64.Build.0 = Debug|Any CPU
		{C5543009-C9FB-4731-963D-D83701A70876}.Release|Any CPU.ActiveCfg = Release|Any CPU
		{C5543009-C9FB-4731-963D-D83701A70876}.Release|Any CPU.Build.0 = Release|Any CPU
		{C5543009-C9FB-4731-963D-D83701A70876}.Release|x64.ActiveCfg = Release|Any CPU
		{C5543009-C9FB-4731-963D-D83701A70876}.Release|x64.Build.0 = Release|Any CPU
	EndGlobalSection
	GlobalSection(SolutionProperties) = preSolution
		HideSolutionNode = FALSE
	EndGlobalSection
	GlobalSection(NestedProjects) = preSolution
		{3E602268-6832-4354-A2E6-E61F60589E8A} = {BEAD8440-C851-436B-9BC0-4701BE03B5F8}
		{B3CD0018-2551-4403-B9F7-24A23391BA4F} = {52959E1C-87A3-46F8-87FA-157A8CF34AB6}
		{03F77B6B-12E1-4E02-83E4-BD5E346D0D26} = {52959E1C-87A3-46F8-87FA-157A8CF34AB6}
		{3F74AC68-80A1-4CB6-9B11-B482432A873B} = {B3CD0018-2551-4403-B9F7-24A23391BA4F}
		{DAEA1C4E-9666-4A7E-8EEC-52D78016EBB5} = {B3CD0018-2551-4403-B9F7-24A23391BA4F}
		{56CD169C-A9A8-4B68-9C1C-661A0BD7A76D} = {B3CD0018-2551-4403-B9F7-24A23391BA4F}
		{C59696C7-73F8-4AF7-B4DD-723E4EB76844} = {B3CD0018-2551-4403-B9F7-24A23391BA4F}
		{292DF4A0-20D4-498A-A400-58313A8C9C56} = {40BB9685-BAAA-412C-9BE8-D646792544D9}
		{8075529B-0037-42A0-ACBF-EA1A27BE06CC} = {40BB9685-BAAA-412C-9BE8-D646792544D9}
		{EDF761E8-E73B-4F32-851B-8C09C6A78AFF} = {3CAD27DB-81EA-4021-BE61-C49DD04B1E1D}
		{16FC64A1-5552-410F-AD94-2883BA937E4B} = {EDF761E8-E73B-4F32-851B-8C09C6A78AFF}
		{F6B0D852-BB19-40AB-BD3B-A5149BD9A84B} = {EDF761E8-E73B-4F32-851B-8C09C6A78AFF}
		{9BADDF1E-CB50-478D-967F-0162F7A4BFA6} = {EDF761E8-E73B-4F32-851B-8C09C6A78AFF}
		{D03A2640-E1EC-4FBF-99B2-EB1EE04E9E06} = {EDF761E8-E73B-4F32-851B-8C09C6A78AFF}
		{889530DF-C7DF-4054-B71C-3A498C712AD7} = {292DF4A0-20D4-498A-A400-58313A8C9C56}
		{E4755D99-C422-4D11-BA22-26DCCB9D41FF} = {292DF4A0-20D4-498A-A400-58313A8C9C56}
		{64672173-07FC-4B02-8A06-D352A60DE255} = {292DF4A0-20D4-498A-A400-58313A8C9C56}
		{6B8A6A1B-028A-4DFF-8BA1-3634712ED7E8} = {292DF4A0-20D4-498A-A400-58313A8C9C56}
		{7DED04BA-C23F-4187-AAD6-7712146510F5} = {EDF761E8-E73B-4F32-851B-8C09C6A78AFF}
		{8EA856AE-3AAD-41EB-81F0-CA99ED65E421} = {292DF4A0-20D4-498A-A400-58313A8C9C56}
		{401B155D-22FC-4383-8CAD-646CC710BFDF} = {7945585F-CD4B-4937-81D4-74A31F170C51}
		{0C0B273E-7E8D-4ED4-9BB7-A6B51252B71B} = {75383BF8-B74D-4CC1-8D0C-F0B9621F810C}
		{75383BF8-B74D-4CC1-8D0C-F0B9621F810C} = {3CAD27DB-81EA-4021-BE61-C49DD04B1E1D}
		{6D190351-BA74-4D03-9BB6-2D30A34C08BF} = {3FB4ECC9-6224-4E0D-B50D-7AE532AF3EBF}
		{C1DE38F7-E915-4E8F-9C71-AE5F10FC7C80} = {6D190351-BA74-4D03-9BB6-2D30A34C08BF}
		{BEAD8440-C851-436B-9BC0-4701BE03B5F8} = {7945585F-CD4B-4937-81D4-74A31F170C51}
		{1A1F0829-9537-4161-BA9F-CB9D1465E471} = {3E602268-6832-4354-A2E6-E61F60589E8A}
		{07C4F462-47B8-4F85-926B-71E6F55CFD19} = {401B155D-22FC-4383-8CAD-646CC710BFDF}
		{5D0FFFE6-2B87-4E4C-A5D6-752E39838206} = {DE5E5451-0FBC-4F6D-8EB2-01C5030EAA69}
		{9B368577-3330-4563-AB32-7B370C7CE6A6} = {DE5E5451-0FBC-4F6D-8EB2-01C5030EAA69}
		{96468C50-C91C-4945-B8BF-D1FCF437419B} = {FAC29355-44FA-4AB7-BFC7-681A0533CDAE}
		{3F9DB94C-914A-4E68-BFCC-3FB9500E0BEC} = {FAC29355-44FA-4AB7-BFC7-681A0533CDAE}
		{50382B99-F61A-401B-B273-D0518F747E50} = {5D0FFFE6-2B87-4E4C-A5D6-752E39838206}
		{6A11FB50-38A1-4732-95DC-2B88208CF77E} = {B3CD0018-2551-4403-B9F7-24A23391BA4F}
		{656C8274-7B5E-418F-9964-934E818006AE} = {D3812865-1FA7-4F77-A04E-0B3AE1665718}
		{8B6B9E77-4F6D-4EE6-B696-5C194271CACD} = {D3812865-1FA7-4F77-A04E-0B3AE1665718}
		{A3DA48F0-BA2E-4BF5-94D2-085A80547089} = {656C8274-7B5E-418F-9964-934E818006AE}
		{74875CF1-9C20-46BE-AB30-15598E41ACF1} = {AA4F7C2E-3644-4FCA-BC0F-64E3C57860BB}
		{63FAC3CA-E2E0-41A7-9E91-9B9FFECBCB54} = {AA4F7C2E-3644-4FCA-BC0F-64E3C57860BB}
		{57DF3ABA-B91C-4C80-B7DD-A13AFF66E556} = {74875CF1-9C20-46BE-AB30-15598E41ACF1}
		{006FA4E1-78DC-4E9E-934B-CA0118C055A5} = {74875CF1-9C20-46BE-AB30-15598E41ACF1}
		{B50A5D76-76AC-4724-AB36-3E9F2B11385F} = {96468C50-C91C-4945-B8BF-D1FCF437419B}
		{7FAC1F20-FFAB-4A74-91B3-E3FCEB7C7BC7} = {93A4679C-63E0-4CA5-BAE0-2CD3CF1B82A6}
		{E512AC11-6812-42B1-9850-4FD977E9E4DF} = {93A4679C-63E0-4CA5-BAE0-2CD3CF1B82A6}
		{E874FF46-DE18-4170-9BE1-D2BBF345A198} = {7FAC1F20-FFAB-4A74-91B3-E3FCEB7C7BC7}
		{1DD2083C-1378-4DEA-9F30-3AAAC1B1B716} = {7FAC1F20-FFAB-4A74-91B3-E3FCEB7C7BC7}
		{B1345959-646C-4A16-9516-9D84DB710DC8} = {D2C29382-42DF-46C8-BC04-4EBC06BE74C1}
		{B805B825-A428-4DDF-A83A-3C2504B8EA28} = {D2C29382-42DF-46C8-BC04-4EBC06BE74C1}
		{AD58F2A3-F5B0-434B-A5D9-0C3F71D73031} = {B1345959-646C-4A16-9516-9D84DB710DC8}
		{D167E592-52D8-4CB1-940C-C5C82DD1F107} = {B1345959-646C-4A16-9516-9D84DB710DC8}
		{B3C923EF-758E-4572-833B-E3E87600FF30} = {327AE946-E336-4C8B-8246-23BF8C1B3DB8}
		{780D0BEC-9DB9-4BCA-8FD1-3867036C8251} = {327AE946-E336-4C8B-8246-23BF8C1B3DB8}
		{871629A6-DFA8-4CE9-AF45-CC983B955900} = {B3C923EF-758E-4572-833B-E3E87600FF30}
		{8101435D-DF75-4B4F-A6C8-83DCB53C5990} = {B3C923EF-758E-4572-833B-E3E87600FF30}
		{0698A410-2125-4A5C-8C8D-5DC46A13FCF6} = {7FAC1F20-FFAB-4A74-91B3-E3FCEB7C7BC7}
		{CE7667D7-0F3F-40CD-94B0-27EE7D60B9DD} = {B3C923EF-758E-4572-833B-E3E87600FF30}
		{34411C9A-F4A6-4719-9C64-46CA91417278} = {B1345959-646C-4A16-9516-9D84DB710DC8}
		{CCF9139A-FEA5-47DD-BA95-0C624EADC1D8} = {7FAC1F20-FFAB-4A74-91B3-E3FCEB7C7BC7}
		{CBD2D07C-6BF0-40C5-B4A5-4C72AF01E031} = {A5BF59BF-F3CC-420A-9D55-E5EFE9974DB7}
		{F345539F-B6FA-46C9-9AEC-0F934A9BABAB} = {A5BF59BF-F3CC-420A-9D55-E5EFE9974DB7}
		{56E74742-AE49-4CC2-ADC6-8EDDB965D269} = {A5BF59BF-F3CC-420A-9D55-E5EFE9974DB7}
		{4670759A-C188-46B3-BF16-D582F1621E05} = {A5BF59BF-F3CC-420A-9D55-E5EFE9974DB7}
		{B1D75789-8CC5-4858-B33E-01D19B9D4AA6} = {A5BF59BF-F3CC-420A-9D55-E5EFE9974DB7}
		{CEC8F40B-46C7-4895-A408-8EEEC89BDD6E} = {A5BF59BF-F3CC-420A-9D55-E5EFE9974DB7}
		{1D7F0284-EACB-41D9-83D5-F79B85C26741} = {A5BF59BF-F3CC-420A-9D55-E5EFE9974DB7}
		{B26908AD-9ABD-4569-B688-DC5031F3587C} = {A5BF59BF-F3CC-420A-9D55-E5EFE9974DB7}
		{4F356668-E4A3-457C-A2D3-DB4FD5F857F3} = {CBD2D07C-6BF0-40C5-B4A5-4C72AF01E031}
		{62304C08-9598-4E29-8327-65C347A11A98} = {B1D75789-8CC5-4858-B33E-01D19B9D4AA6}
		{9171D1EA-64F9-49F1-95EB-CC07770F6636} = {CEC8F40B-46C7-4895-A408-8EEEC89BDD6E}
		{96FAE8C7-A8F3-40BB-9D0A-B8EB9EDD2E42} = {1D7F0284-EACB-41D9-83D5-F79B85C26741}
		{0535368F-B672-4D55-9B0E-C35531CAF8DD} = {B26908AD-9ABD-4569-B688-DC5031F3587C}
		{48A05B46-C875-498A-B37E-90CFED2A703C} = {F345539F-B6FA-46C9-9AEC-0F934A9BABAB}
		{CE66DB90-BA56-4C36-9CB1-09E4CA3B9831} = {56E74742-AE49-4CC2-ADC6-8EDDB965D269}
		{49133056-CD0C-4F00-8574-B3D99CA8E740} = {4670759A-C188-46B3-BF16-D582F1621E05}
		{5FC00995-C4DF-4C1D-9377-433AEB834D94} = {ABFA858A-CD39-4E9A-B85C-4323FA10811A}
		{9CC5C69B-9C44-4010-B6C1-CC1F17287077} = {ABFA858A-CD39-4E9A-B85C-4323FA10811A}
		{CE5EF48C-7AA2-4CBC-A455-ECC0E8452395} = {B3C923EF-758E-4572-833B-E3E87600FF30}
		{DFCC2337-5877-4667-A573-DC7DEF4EBC82} = {B3CD0018-2551-4403-B9F7-24A23391BA4F}
		{9B62CB6E-B9D2-4FBD-898D-5B39C56D07AD} = {B3CD0018-2551-4403-B9F7-24A23391BA4F}
		{E68AC369-8445-4D38-B1AF-26C43EBA9FB0} = {A5BF59BF-F3CC-420A-9D55-E5EFE9974DB7}
		{019636F5-DCE6-4042-B9A8-798FC168504A} = {E68AC369-8445-4D38-B1AF-26C43EBA9FB0}
		{F25D44D5-3D39-4296-A987-C9FBA4422191} = {3FB4ECC9-6224-4E0D-B50D-7AE532AF3EBF}
		{5BBA12FE-CE4E-4FD2-B3FC-657AB730844A} = {F25D44D5-3D39-4296-A987-C9FBA4422191}
		{182575D5-34DA-4F4F-8606-B817DE9B1F9D} = {A5BF59BF-F3CC-420A-9D55-E5EFE9974DB7}
		{06D52348-0DAD-4C46-9940-EF972B08A739} = {A5BF59BF-F3CC-420A-9D55-E5EFE9974DB7}
		{BA1A1985-FB75-4961-B013-3FA7B4D2A5F6} = {06D52348-0DAD-4C46-9940-EF972B08A739}
		{0EA9B9EE-E699-4228-9000-42638D245841} = {182575D5-34DA-4F4F-8606-B817DE9B1F9D}
		{BF6023FB-5DB6-4502-A6CE-3C84B9A2BE8B} = {A5BF59BF-F3CC-420A-9D55-E5EFE9974DB7}
		{7E702264-22BA-4BE6-8E6B-C1630845BB0A} = {BF6023FB-5DB6-4502-A6CE-3C84B9A2BE8B}
		{B06AD038-324B-4F0A-A9A2-64EA2799F42E} = {A5BF59BF-F3CC-420A-9D55-E5EFE9974DB7}
		{CB205435-0107-454B-B5F8-162DEC10E611} = {B06AD038-324B-4F0A-A9A2-64EA2799F42E}
		{0F28455C-75D4-467C-9774-7785754E4DE9} = {A5BF59BF-F3CC-420A-9D55-E5EFE9974DB7}
		{8F0A7F4C-E615-47A2-950D-930CA91F80C1} = {0F28455C-75D4-467C-9774-7785754E4DE9}
		{A07918AC-8081-4F1B-8578-B6F438593A99} = {A5BF59BF-F3CC-420A-9D55-E5EFE9974DB7}
		{346F15C3-D952-4060-8F3A-11CB9CE70555} = {A07918AC-8081-4F1B-8578-B6F438593A99}
		{D2715A78-0E0F-412F-8109-3E68640A2589} = {91C880CD-C155-4B4B-A0B3-812AE73540C8}
		{3DCC75D6-B29B-43E2-A1A2-1494CBC68761} = {91C880CD-C155-4B4B-A0B3-812AE73540C8}
		{F54B0CBC-2FAA-403D-B044-D0AEB997D011} = {D2715A78-0E0F-412F-8109-3E68640A2589}
		{840A4EAE-1305-4675-9DFE-21BD32FF445A} = {D2715A78-0E0F-412F-8109-3E68640A2589}
		{C5543009-C9FB-4731-963D-D83701A70876} = {D2715A78-0E0F-412F-8109-3E68640A2589}
	EndGlobalSection
	GlobalSection(ExtensibilityGlobals) = postSolution
		SolutionGuid = {DDE3012F-BA2C-4DFE-BCD4-B7CFABDE1FE4}
	EndGlobalSection
EndGlobal
